// !$*UTF8*$!
{
	archiveVersion = 1;
	classes = {
	};
	objectVersion = 48;
	objects = {

/* Begin PBXBuildFile section */
		64238DAF1FFDFDEB009124BD /* NewEventInputsControl.swift in Sources */ = {isa = PBXBuildFile; fileRef = 64238DAE1FFDFDEB009124BD /* NewEventInputsControl.swift */; };
		64238DB11FFDFE42009124BD /* CustomNewEventInputButton.xib in Resources */ = {isa = PBXBuildFile; fileRef = 64238DB01FFDFE42009124BD /* CustomNewEventInputButton.xib */; };
		643C362F200DD4B400ECCA8F /* ButtonsView.swift in Sources */ = {isa = PBXBuildFile; fileRef = 643C362E200DD4B400ECCA8F /* ButtonsView.swift */; };
		643F9A291FC9520900D1D82E /* ImageHandlerDelegate.swift in Sources */ = {isa = PBXBuildFile; fileRef = 643F9A281FC9520900D1D82E /* ImageHandlerDelegate.swift */; };
		6444D8DB1F9CFDFE005C0F9C /* AppDelegate.swift in Sources */ = {isa = PBXBuildFile; fileRef = 6444D8DA1F9CFDFE005C0F9C /* AppDelegate.swift */; };
		6444D8DD1F9CFDFE005C0F9C /* MasterViewController.swift in Sources */ = {isa = PBXBuildFile; fileRef = 6444D8DC1F9CFDFE005C0F9C /* MasterViewController.swift */; };
		6444D8DF1F9CFDFE005C0F9C /* DetailViewController.swift in Sources */ = {isa = PBXBuildFile; fileRef = 6444D8DE1F9CFDFE005C0F9C /* DetailViewController.swift */; };
		6444D8E21F9CFDFF005C0F9C /* Main.storyboard in Resources */ = {isa = PBXBuildFile; fileRef = 6444D8E01F9CFDFF005C0F9C /* Main.storyboard */; };
		6444D8E41F9CFDFF005C0F9C /* Assets.xcassets in Resources */ = {isa = PBXBuildFile; fileRef = 6444D8E31F9CFDFF005C0F9C /* Assets.xcassets */; };
		6444D8E71F9CFDFF005C0F9C /* LaunchScreen.storyboard in Resources */ = {isa = PBXBuildFile; fileRef = 6444D8E51F9CFDFF005C0F9C /* LaunchScreen.storyboard */; };
		6444D8F21F9D03F1005C0F9C /* RealmDataModel.swift in Sources */ = {isa = PBXBuildFile; fileRef = 6444D8F11F9D03F1005C0F9C /* RealmDataModel.swift */; };
		6444D8F51F9D0509005C0F9C /* Default-568h@2x.png in Resources */ = {isa = PBXBuildFile; fileRef = 6444D8F41F9D0509005C0F9C /* Default-568h@2x.png */; };
		64768B1C1F9E4395005CA6CA /* EventTableViewCell.swift in Sources */ = {isa = PBXBuildFile; fileRef = 64768B1B1F9E4395005CA6CA /* EventTableViewCell.swift */; };
		6477FB0F201311CE00EDFF50 /* CGSizeExtensions.swift in Sources */ = {isa = PBXBuildFile; fileRef = 6477FB0E201311CE00EDFF50 /* CGSizeExtensions.swift */; };
		6477FB122016F8C100EDFF50 /* LabelBackgroundView.swift in Sources */ = {isa = PBXBuildFile; fileRef = 6477FB112016F8C100EDFF50 /* LabelBackgroundView.swift */; };
		64BFC8AA2008644D002DA9EF /* StringExtensions.swift in Sources */ = {isa = PBXBuildFile; fileRef = 64BFC8A92008644D002DA9EF /* StringExtensions.swift */; };
		64D5FF741FC41DAD0043E064 /* DateInputView.xib in Resources */ = {isa = PBXBuildFile; fileRef = 64D5FF731FC41DAD0043E064 /* DateInputView.xib */; };
		64D5FF771FC421210043E064 /* DateInputView.swift in Sources */ = {isa = PBXBuildFile; fileRef = 64D5FF761FC421210043E064 /* DateInputView.swift */; };
		64D5FF7B1FC45C910043E064 /* GlobalTypes.swift in Sources */ = {isa = PBXBuildFile; fileRef = 64D5FF7A1FC45C910043E064 /* GlobalTypes.swift */; };
		64D5FF851FC57D390043E064 /* ImageInputView.xib in Resources */ = {isa = PBXBuildFile; fileRef = 64D5FF841FC57D390043E064 /* ImageInputView.xib */; };
		64D5FF871FC57D510043E064 /* ImageInputView.swift in Sources */ = {isa = PBXBuildFile; fileRef = 64D5FF861FC57D510043E064 /* ImageInputView.swift */; };
		64D5FF891FC67FFE0043E064 /* ImageHandler.swift in Sources */ = {isa = PBXBuildFile; fileRef = 64D5FF881FC67FFE0043E064 /* ImageHandler.swift */; };
		64D5FF8F1FC6C31E0043E064 /* CloudKit.framework in Frameworks */ = {isa = PBXBuildFile; fileRef = 64D5FF8E1FC6C31E0043E064 /* CloudKit.framework */; };
		64D5FF911FC7DF100043E064 /* ImageInputViewCollectionViewCell.xib in Resources */ = {isa = PBXBuildFile; fileRef = 64D5FF901FC7DF100043E064 /* ImageInputViewCollectionViewCell.xib */; };
		64D5FF931FC7DF2A0043E064 /* ImageInputViewCollectionViewCell.swift in Sources */ = {isa = PBXBuildFile; fileRef = 64D5FF921FC7DF2A0043E064 /* ImageInputViewCollectionViewCell.swift */; };
		64DC6E3B1FFC6BCC00FF8385 /* NewEventViewController.swift in Sources */ = {isa = PBXBuildFile; fileRef = 64DC6E3A1FFC6BCC00FF8385 /* NewEventViewController.swift */; };
		64E40C061FBC5FF40076AB2D /* NewEventViewControllerOld.swift in Sources */ = {isa = PBXBuildFile; fileRef = 64E40C051FBC5FF40076AB2D /* NewEventViewControllerOld.swift */; };
		64FE12881FBC22160025C005 /* FiraSans-Regular.ttf in Resources */ = {isa = PBXBuildFile; fileRef = 64FE12761FBC22140025C005 /* FiraSans-Regular.ttf */; };
		64FE12891FBC22160025C005 /* FiraSans-BoldItalic.ttf in Resources */ = {isa = PBXBuildFile; fileRef = 64FE12771FBC22140025C005 /* FiraSans-BoldItalic.ttf */; };
		64FE128A1FBC22160025C005 /* FiraSans-ExtraBoldItalic.ttf in Resources */ = {isa = PBXBuildFile; fileRef = 64FE12781FBC22140025C005 /* FiraSans-ExtraBoldItalic.ttf */; };
		64FE128B1FBC22160025C005 /* FiraSans-ExtraLightItalic.ttf in Resources */ = {isa = PBXBuildFile; fileRef = 64FE12791FBC22140025C005 /* FiraSans-ExtraLightItalic.ttf */; };
		64FE128C1FBC22160025C005 /* FiraSans-Light.ttf in Resources */ = {isa = PBXBuildFile; fileRef = 64FE127A1FBC22150025C005 /* FiraSans-Light.ttf */; };
		64FE128D1FBC22160025C005 /* FiraSans-Black.ttf in Resources */ = {isa = PBXBuildFile; fileRef = 64FE127B1FBC22150025C005 /* FiraSans-Black.ttf */; };
		64FE128E1FBC22160025C005 /* FiraSans-Medium.ttf in Resources */ = {isa = PBXBuildFile; fileRef = 64FE127C1FBC22150025C005 /* FiraSans-Medium.ttf */; };
		64FE128F1FBC22160025C005 /* FiraSans-Bold.ttf in Resources */ = {isa = PBXBuildFile; fileRef = 64FE127D1FBC22150025C005 /* FiraSans-Bold.ttf */; };
		64FE12901FBC22160025C005 /* FiraSans-ExtraBold.ttf in Resources */ = {isa = PBXBuildFile; fileRef = 64FE127E1FBC22150025C005 /* FiraSans-ExtraBold.ttf */; };
		64FE12911FBC22160025C005 /* FiraSans-BlackItalic.ttf in Resources */ = {isa = PBXBuildFile; fileRef = 64FE127F1FBC22150025C005 /* FiraSans-BlackItalic.ttf */; };
		64FE12921FBC22160025C005 /* FiraSans-MediumItalic.ttf in Resources */ = {isa = PBXBuildFile; fileRef = 64FE12801FBC22150025C005 /* FiraSans-MediumItalic.ttf */; };
		64FE12931FBC22160025C005 /* FiraSans-SemiBoldItalic.ttf in Resources */ = {isa = PBXBuildFile; fileRef = 64FE12811FBC22150025C005 /* FiraSans-SemiBoldItalic.ttf */; };
		64FE12941FBC22160025C005 /* FiraSans-Italic.ttf in Resources */ = {isa = PBXBuildFile; fileRef = 64FE12821FBC22160025C005 /* FiraSans-Italic.ttf */; };
		64FE12951FBC22160025C005 /* FiraSans-LightItalic.ttf in Resources */ = {isa = PBXBuildFile; fileRef = 64FE12831FBC22160025C005 /* FiraSans-LightItalic.ttf */; };
		64FE12961FBC22160025C005 /* FiraSans-Thin.ttf in Resources */ = {isa = PBXBuildFile; fileRef = 64FE12841FBC22160025C005 /* FiraSans-Thin.ttf */; };
		64FE12971FBC22160025C005 /* FiraSans-ThinItalic.ttf in Resources */ = {isa = PBXBuildFile; fileRef = 64FE12851FBC22160025C005 /* FiraSans-ThinItalic.ttf */; };
		64FE12981FBC22160025C005 /* FiraSans-SemiBold.ttf in Resources */ = {isa = PBXBuildFile; fileRef = 64FE12861FBC22160025C005 /* FiraSans-SemiBold.ttf */; };
		64FE12991FBC22160025C005 /* FiraSans-ExtraLight.ttf in Resources */ = {isa = PBXBuildFile; fileRef = 64FE12871FBC22160025C005 /* FiraSans-ExtraLight.ttf */; };
		B65F908917762A0A66BE04AC /* Pods_Multiple_Event_Countdown.framework in Frameworks */ = {isa = PBXBuildFile; fileRef = BCE784872C9ABEA8E1BA2C39 /* Pods_Multiple_Event_Countdown.framework */; };
/* End PBXBuildFile section */

/* Begin PBXFileReference section */
		64238DAE1FFDFDEB009124BD /* NewEventInputsControl.swift */ = {isa = PBXFileReference; lastKnownFileType = sourcecode.swift; path = NewEventInputsControl.swift; sourceTree = "<group>"; };
		64238DB01FFDFE42009124BD /* CustomNewEventInputButton.xib */ = {isa = PBXFileReference; lastKnownFileType = file.xib; path = CustomNewEventInputButton.xib; sourceTree = "<group>"; };
		643C362E200DD4B400ECCA8F /* ButtonsView.swift */ = {isa = PBXFileReference; lastKnownFileType = sourcecode.swift; name = ButtonsView.swift; path = "Multiple Event Countdown/New Group1/ButtonsView.swift"; sourceTree = SOURCE_ROOT; };
		643F9A281FC9520900D1D82E /* ImageHandlerDelegate.swift */ = {isa = PBXFileReference; lastKnownFileType = sourcecode.swift; name = ImageHandlerDelegate.swift; path = Protocols/ImageHandlerDelegate.swift; sourceTree = "<group>"; };
		6444D8D71F9CFDFE005C0F9C /* Multiple Event Countdown.app */ = {isa = PBXFileReference; explicitFileType = wrapper.application; includeInIndex = 0; path = "Multiple Event Countdown.app"; sourceTree = BUILT_PRODUCTS_DIR; };
		6444D8DA1F9CFDFE005C0F9C /* AppDelegate.swift */ = {isa = PBXFileReference; lastKnownFileType = sourcecode.swift; path = AppDelegate.swift; sourceTree = "<group>"; };
		6444D8DC1F9CFDFE005C0F9C /* MasterViewController.swift */ = {isa = PBXFileReference; lastKnownFileType = sourcecode.swift; path = MasterViewController.swift; sourceTree = "<group>"; };
		6444D8DE1F9CFDFE005C0F9C /* DetailViewController.swift */ = {isa = PBXFileReference; lastKnownFileType = sourcecode.swift; path = DetailViewController.swift; sourceTree = "<group>"; };
		6444D8E11F9CFDFF005C0F9C /* Base */ = {isa = PBXFileReference; lastKnownFileType = file.storyboard; name = Base; path = Base.lproj/Main.storyboard; sourceTree = "<group>"; };
		6444D8E31F9CFDFF005C0F9C /* Assets.xcassets */ = {isa = PBXFileReference; lastKnownFileType = folder.assetcatalog; path = Assets.xcassets; sourceTree = "<group>"; };
		6444D8E61F9CFDFF005C0F9C /* Base */ = {isa = PBXFileReference; lastKnownFileType = file.storyboard; name = Base; path = Base.lproj/LaunchScreen.storyboard; sourceTree = "<group>"; };
		6444D8E81F9CFDFF005C0F9C /* Info.plist */ = {isa = PBXFileReference; lastKnownFileType = text.plist.xml; path = Info.plist; sourceTree = "<group>"; };
		6444D8F11F9D03F1005C0F9C /* RealmDataModel.swift */ = {isa = PBXFileReference; lastKnownFileType = sourcecode.swift; path = RealmDataModel.swift; sourceTree = "<group>"; };
		6444D8F41F9D0509005C0F9C /* Default-568h@2x.png */ = {isa = PBXFileReference; lastKnownFileType = image.png; path = "Default-568h@2x.png"; sourceTree = "<group>"; };
		64768B1B1F9E4395005CA6CA /* EventTableViewCell.swift */ = {isa = PBXFileReference; lastKnownFileType = sourcecode.swift; path = EventTableViewCell.swift; sourceTree = "<group>"; };
		6477FB0E201311CE00EDFF50 /* CGSizeExtensions.swift */ = {isa = PBXFileReference; lastKnownFileType = sourcecode.swift; name = CGSizeExtensions.swift; path = Extensions/CGSizeExtensions.swift; sourceTree = SOURCE_ROOT; };
		6477FB112016F8C100EDFF50 /* LabelBackgroundView.swift */ = {isa = PBXFileReference; lastKnownFileType = sourcecode.swift; path = LabelBackgroundView.swift; sourceTree = "<group>"; };
		64BFC8A92008644D002DA9EF /* StringExtensions.swift */ = {isa = PBXFileReference; fileEncoding = 4; lastKnownFileType = sourcecode.swift; name = StringExtensions.swift; path = "Multiple Event Countdown/Extensions/StringExtensions.swift"; sourceTree = SOURCE_ROOT; };
		64D5FF731FC41DAD0043E064 /* DateInputView.xib */ = {isa = PBXFileReference; lastKnownFileType = file.xib; path = DateInputView.xib; sourceTree = "<group>"; };
		64D5FF761FC421210043E064 /* DateInputView.swift */ = {isa = PBXFileReference; lastKnownFileType = sourcecode.swift; name = DateInputView.swift; path = "Multiple Event Countdown/Views/DateInputView.swift"; sourceTree = SOURCE_ROOT; };
		64D5FF7A1FC45C910043E064 /* GlobalTypes.swift */ = {isa = PBXFileReference; lastKnownFileType = sourcecode.swift; path = GlobalTypes.swift; sourceTree = "<group>"; };
		64D5FF841FC57D390043E064 /* ImageInputView.xib */ = {isa = PBXFileReference; lastKnownFileType = file.xib; path = ImageInputView.xib; sourceTree = "<group>"; };
		64D5FF861FC57D510043E064 /* ImageInputView.swift */ = {isa = PBXFileReference; lastKnownFileType = sourcecode.swift; path = ImageInputView.swift; sourceTree = "<group>"; };
		64D5FF881FC67FFE0043E064 /* ImageHandler.swift */ = {isa = PBXFileReference; lastKnownFileType = sourcecode.swift; path = ImageHandler.swift; sourceTree = "<group>"; };
		64D5FF8E1FC6C31E0043E064 /* CloudKit.framework */ = {isa = PBXFileReference; lastKnownFileType = wrapper.framework; name = CloudKit.framework; path = System/Library/Frameworks/CloudKit.framework; sourceTree = SDKROOT; };
		64D5FF901FC7DF100043E064 /* ImageInputViewCollectionViewCell.xib */ = {isa = PBXFileReference; lastKnownFileType = file.xib; name = ImageInputViewCollectionViewCell.xib; path = "Multiple Event Countdown/Views/ImageInputViewCollectionViewCell.xib"; sourceTree = SOURCE_ROOT; };
		64D5FF921FC7DF2A0043E064 /* ImageInputViewCollectionViewCell.swift */ = {isa = PBXFileReference; lastKnownFileType = sourcecode.swift; path = ImageInputViewCollectionViewCell.swift; sourceTree = "<group>"; };
		64DC6E3A1FFC6BCC00FF8385 /* NewEventViewController.swift */ = {isa = PBXFileReference; lastKnownFileType = sourcecode.swift; path = NewEventViewController.swift; sourceTree = "<group>"; };
		64E40C051FBC5FF40076AB2D /* NewEventViewControllerOld.swift */ = {isa = PBXFileReference; lastKnownFileType = sourcecode.swift; path = NewEventViewControllerOld.swift; sourceTree = "<group>"; };
		64FE12751FBC21FB0025C005 /* DS-DIGIB.TTF */ = {isa = PBXFileReference; lastKnownFileType = file; path = "DS-DIGIB.TTF"; sourceTree = "<group>"; };
		64FE12761FBC22140025C005 /* FiraSans-Regular.ttf */ = {isa = PBXFileReference; lastKnownFileType = file; name = "FiraSans-Regular.ttf"; path = "../../../../../Library/Fonts/FiraSans-Regular.ttf"; sourceTree = "<group>"; };
		64FE12771FBC22140025C005 /* FiraSans-BoldItalic.ttf */ = {isa = PBXFileReference; lastKnownFileType = file; name = "FiraSans-BoldItalic.ttf"; path = "../../../../../Library/Fonts/FiraSans-BoldItalic.ttf"; sourceTree = "<group>"; };
		64FE12781FBC22140025C005 /* FiraSans-ExtraBoldItalic.ttf */ = {isa = PBXFileReference; lastKnownFileType = file; name = "FiraSans-ExtraBoldItalic.ttf"; path = "../../../../../Library/Fonts/FiraSans-ExtraBoldItalic.ttf"; sourceTree = "<group>"; };
		64FE12791FBC22140025C005 /* FiraSans-ExtraLightItalic.ttf */ = {isa = PBXFileReference; lastKnownFileType = file; name = "FiraSans-ExtraLightItalic.ttf"; path = "../../../../../Library/Fonts/FiraSans-ExtraLightItalic.ttf"; sourceTree = "<group>"; };
		64FE127A1FBC22150025C005 /* FiraSans-Light.ttf */ = {isa = PBXFileReference; lastKnownFileType = file; name = "FiraSans-Light.ttf"; path = "../../../../../Library/Fonts/FiraSans-Light.ttf"; sourceTree = "<group>"; };
		64FE127B1FBC22150025C005 /* FiraSans-Black.ttf */ = {isa = PBXFileReference; lastKnownFileType = file; name = "FiraSans-Black.ttf"; path = "../../../../../Library/Fonts/FiraSans-Black.ttf"; sourceTree = "<group>"; };
		64FE127C1FBC22150025C005 /* FiraSans-Medium.ttf */ = {isa = PBXFileReference; lastKnownFileType = file; name = "FiraSans-Medium.ttf"; path = "../../../../../Library/Fonts/FiraSans-Medium.ttf"; sourceTree = "<group>"; };
		64FE127D1FBC22150025C005 /* FiraSans-Bold.ttf */ = {isa = PBXFileReference; lastKnownFileType = file; name = "FiraSans-Bold.ttf"; path = "../../../../../Library/Fonts/FiraSans-Bold.ttf"; sourceTree = "<group>"; };
		64FE127E1FBC22150025C005 /* FiraSans-ExtraBold.ttf */ = {isa = PBXFileReference; lastKnownFileType = file; name = "FiraSans-ExtraBold.ttf"; path = "../../../../../Library/Fonts/FiraSans-ExtraBold.ttf"; sourceTree = "<group>"; };
		64FE127F1FBC22150025C005 /* FiraSans-BlackItalic.ttf */ = {isa = PBXFileReference; lastKnownFileType = file; name = "FiraSans-BlackItalic.ttf"; path = "../../../../../Library/Fonts/FiraSans-BlackItalic.ttf"; sourceTree = "<group>"; };
		64FE12801FBC22150025C005 /* FiraSans-MediumItalic.ttf */ = {isa = PBXFileReference; lastKnownFileType = file; name = "FiraSans-MediumItalic.ttf"; path = "../../../../../Library/Fonts/FiraSans-MediumItalic.ttf"; sourceTree = "<group>"; };
		64FE12811FBC22150025C005 /* FiraSans-SemiBoldItalic.ttf */ = {isa = PBXFileReference; lastKnownFileType = file; name = "FiraSans-SemiBoldItalic.ttf"; path = "../../../../../Library/Fonts/FiraSans-SemiBoldItalic.ttf"; sourceTree = "<group>"; };
		64FE12821FBC22160025C005 /* FiraSans-Italic.ttf */ = {isa = PBXFileReference; lastKnownFileType = file; name = "FiraSans-Italic.ttf"; path = "../../../../../Library/Fonts/FiraSans-Italic.ttf"; sourceTree = "<group>"; };
		64FE12831FBC22160025C005 /* FiraSans-LightItalic.ttf */ = {isa = PBXFileReference; lastKnownFileType = file; name = "FiraSans-LightItalic.ttf"; path = "../../../../../Library/Fonts/FiraSans-LightItalic.ttf"; sourceTree = "<group>"; };
		64FE12841FBC22160025C005 /* FiraSans-Thin.ttf */ = {isa = PBXFileReference; lastKnownFileType = file; name = "FiraSans-Thin.ttf"; path = "../../../../../Library/Fonts/FiraSans-Thin.ttf"; sourceTree = "<group>"; };
		64FE12851FBC22160025C005 /* FiraSans-ThinItalic.ttf */ = {isa = PBXFileReference; lastKnownFileType = file; name = "FiraSans-ThinItalic.ttf"; path = "../../../../../Library/Fonts/FiraSans-ThinItalic.ttf"; sourceTree = "<group>"; };
		64FE12861FBC22160025C005 /* FiraSans-SemiBold.ttf */ = {isa = PBXFileReference; lastKnownFileType = file; name = "FiraSans-SemiBold.ttf"; path = "../../../../../Library/Fonts/FiraSans-SemiBold.ttf"; sourceTree = "<group>"; };
		64FE12871FBC22160025C005 /* FiraSans-ExtraLight.ttf */ = {isa = PBXFileReference; lastKnownFileType = file; name = "FiraSans-ExtraLight.ttf"; path = "../../../../../Library/Fonts/FiraSans-ExtraLight.ttf"; sourceTree = "<group>"; };
		64FE4BD21FA649E2009CF0E9 /* Multiple Event Countdown.entitlements */ = {isa = PBXFileReference; lastKnownFileType = text.plist.entitlements; path = "Multiple Event Countdown.entitlements"; sourceTree = "<group>"; };
		9B903F1D196FF2B2980E137F /* Pods-Multiple Event Countdown.debug.xcconfig */ = {isa = PBXFileReference; includeInIndex = 1; lastKnownFileType = text.xcconfig; name = "Pods-Multiple Event Countdown.debug.xcconfig"; path = "Pods/Target Support Files/Pods-Multiple Event Countdown/Pods-Multiple Event Countdown.debug.xcconfig"; sourceTree = "<group>"; };
		BCE784872C9ABEA8E1BA2C39 /* Pods_Multiple_Event_Countdown.framework */ = {isa = PBXFileReference; explicitFileType = wrapper.framework; includeInIndex = 0; path = Pods_Multiple_Event_Countdown.framework; sourceTree = BUILT_PRODUCTS_DIR; };
		CDEC1EEE30EC2817AB9ACDAA /* Pods-Multiple Event Countdown.release.xcconfig */ = {isa = PBXFileReference; includeInIndex = 1; lastKnownFileType = text.xcconfig; name = "Pods-Multiple Event Countdown.release.xcconfig"; path = "Pods/Target Support Files/Pods-Multiple Event Countdown/Pods-Multiple Event Countdown.release.xcconfig"; sourceTree = "<group>"; };
/* End PBXFileReference section */

/* Begin PBXFrameworksBuildPhase section */
		6444D8D41F9CFDFE005C0F9C /* Frameworks */ = {
			isa = PBXFrameworksBuildPhase;
			buildActionMask = 2147483647;
			files = (
				B65F908917762A0A66BE04AC /* Pods_Multiple_Event_Countdown.framework in Frameworks */,
				64D5FF8F1FC6C31E0043E064 /* CloudKit.framework in Frameworks */,
			);
			runOnlyForDeploymentPostprocessing = 0;
		};
/* End PBXFrameworksBuildPhase section */

/* Begin PBXGroup section */
		641A38201F9E1D7D00B238A0 /* Table View Cells */ = {
			isa = PBXGroup;
			children = (
				64768B1B1F9E4395005CA6CA /* EventTableViewCell.swift */,
			);
			name = "Table View Cells";
			path = "New Group";
			sourceTree = "<group>";
		};
		643F9A2A1FC954FC00D1D82E /* Protocols */ = {
			isa = PBXGroup;
			children = (
				643F9A281FC9520900D1D82E /* ImageHandlerDelegate.swift */,
			);
			name = Protocols;
			sourceTree = "<group>";
		};
		6444D8CE1F9CFDFE005C0F9C = {
			isa = PBXGroup;
			children = (
				64BFC8A820086441002DA9EF /* Extensions */,
				64FE12741FBC21F70025C005 /* Fonts */,
				64A249441FB9863000E15B7A /* Images */,
				6444D8F31F9D03F6005C0F9C /* Models */,
				6477FB102016F89000EDFF50 /* Custom Classes */,
				64D5FF8A1FC6800B0043E064 /* Convineince Classes */,
				643F9A2A1FC954FC00D1D82E /* Protocols */,
				6444D8D91F9CFDFE005C0F9C /* Multiple Event Countdown */,
				6444D8D81F9CFDFE005C0F9C /* Products */,
				C0A394DBF7E81E121B026FE7 /* Pods */,
				DD3060DC2AD974C5A5F703F5 /* Frameworks */,
			);
			sourceTree = "<group>";
		};
		6444D8D81F9CFDFE005C0F9C /* Products */ = {
			isa = PBXGroup;
			children = (
				6444D8D71F9CFDFE005C0F9C /* Multiple Event Countdown.app */,
			);
			name = Products;
			sourceTree = "<group>";
		};
		6444D8D91F9CFDFE005C0F9C /* Multiple Event Countdown */ = {
			isa = PBXGroup;
			children = (
				64FE4BD21FA649E2009CF0E9 /* Multiple Event Countdown.entitlements */,
				6444D8EE1F9D02F7005C0F9C /* Storyboards */,
				64D5FF751FC41DB60043E064 /* Views */,
				6444D8DA1F9CFDFE005C0F9C /* AppDelegate.swift */,
				6444D8EF1F9D0303005C0F9C /* View Controllers */,
				641A38201F9E1D7D00B238A0 /* Table View Cells */,
				6444D8F01F9D031A005C0F9C /* Supporting Documents */,
			);
			path = "Multiple Event Countdown";
			sourceTree = "<group>";
		};
		6444D8EE1F9D02F7005C0F9C /* Storyboards */ = {
			isa = PBXGroup;
			children = (
				6444D8E01F9CFDFF005C0F9C /* Main.storyboard */,
				6444D8E51F9CFDFF005C0F9C /* LaunchScreen.storyboard */,
			);
			path = Storyboards;
			sourceTree = "<group>";
		};
		6444D8EF1F9D0303005C0F9C /* View Controllers */ = {
			isa = PBXGroup;
			children = (
				6444D8DC1F9CFDFE005C0F9C /* MasterViewController.swift */,
				6444D8DE1F9CFDFE005C0F9C /* DetailViewController.swift */,
				64DC6E3A1FFC6BCC00FF8385 /* NewEventViewController.swift */,
				64E40C051FBC5FF40076AB2D /* NewEventViewControllerOld.swift */,
			);
			path = "View Controllers";
			sourceTree = "<group>";
		};
		6444D8F01F9D031A005C0F9C /* Supporting Documents */ = {
			isa = PBXGroup;
			children = (
				6444D8E31F9CFDFF005C0F9C /* Assets.xcassets */,
				6444D8E81F9CFDFF005C0F9C /* Info.plist */,
			);
			path = "Supporting Documents";
			sourceTree = "<group>";
		};
		6444D8F31F9D03F6005C0F9C /* Models */ = {
			isa = PBXGroup;
			children = (
				6444D8F11F9D03F1005C0F9C /* RealmDataModel.swift */,
				64D5FF7A1FC45C910043E064 /* GlobalTypes.swift */,
			);
			name = Models;
			sourceTree = "<group>";
		};
		6477FB102016F89000EDFF50 /* Custom Classes */ = {
			isa = PBXGroup;
			children = (
				6477FB132016F8CD00EDFF50 /* Pill Background Button */,
			);
			path = "Custom Classes";
			sourceTree = "<group>";
		};
		6477FB132016F8CD00EDFF50 /* Pill Background Button */ = {
			isa = PBXGroup;
			children = (
				64238DAE1FFDFDEB009124BD /* NewEventInputsControl.swift */,
				6477FB112016F8C100EDFF50 /* LabelBackgroundView.swift */,
			);
			path = "Pill Background Button";
			sourceTree = "<group>";
		};
		64A249441FB9863000E15B7A /* Images */ = {
			isa = PBXGroup;
			children = (
				6444D8F41F9D0509005C0F9C /* Default-568h@2x.png */,
			);
			path = Images;
			sourceTree = "<group>";
		};
		64BFC8A820086441002DA9EF /* Extensions */ = {
			isa = PBXGroup;
			children = (
				64BFC8A92008644D002DA9EF /* StringExtensions.swift */,
				6477FB0E201311CE00EDFF50 /* CGSizeExtensions.swift */,
			);
			path = Extensions;
			sourceTree = "<group>";
		};
		64D5FF751FC41DB60043E064 /* Views */ = {
			isa = PBXGroup;
			children = (
				64238DB01FFDFE42009124BD /* CustomNewEventInputButton.xib */,
				64D5FF841FC57D390043E064 /* ImageInputView.xib */,
				64D5FF901FC7DF100043E064 /* ImageInputViewCollectionViewCell.xib */,
				64D5FF921FC7DF2A0043E064 /* ImageInputViewCollectionViewCell.swift */,
				64D5FF861FC57D510043E064 /* ImageInputView.swift */,
				64D5FF731FC41DAD0043E064 /* DateInputView.xib */,
				64D5FF761FC421210043E064 /* DateInputView.swift */,
				643C362E200DD4B400ECCA8F /* ButtonsView.swift */,
			);
			name = Views;
			path = "New Group1";
			sourceTree = "<group>";
		};
		64D5FF8A1FC6800B0043E064 /* Convineince Classes */ = {
			isa = PBXGroup;
			children = (
				64D5FF881FC67FFE0043E064 /* ImageHandler.swift */,
			);
			name = "Convineince Classes";
			sourceTree = "<group>";
		};
		64FE12741FBC21F70025C005 /* Fonts */ = {
			isa = PBXGroup;
			children = (
				64FE127B1FBC22150025C005 /* FiraSans-Black.ttf */,
				64FE127F1FBC22150025C005 /* FiraSans-BlackItalic.ttf */,
				64FE127D1FBC22150025C005 /* FiraSans-Bold.ttf */,
				64FE12771FBC22140025C005 /* FiraSans-BoldItalic.ttf */,
				64FE127E1FBC22150025C005 /* FiraSans-ExtraBold.ttf */,
				64FE12781FBC22140025C005 /* FiraSans-ExtraBoldItalic.ttf */,
				64FE12871FBC22160025C005 /* FiraSans-ExtraLight.ttf */,
				64FE12791FBC22140025C005 /* FiraSans-ExtraLightItalic.ttf */,
				64FE12821FBC22160025C005 /* FiraSans-Italic.ttf */,
				64FE127A1FBC22150025C005 /* FiraSans-Light.ttf */,
				64FE12831FBC22160025C005 /* FiraSans-LightItalic.ttf */,
				64FE127C1FBC22150025C005 /* FiraSans-Medium.ttf */,
				64FE12801FBC22150025C005 /* FiraSans-MediumItalic.ttf */,
				64FE12761FBC22140025C005 /* FiraSans-Regular.ttf */,
				64FE12861FBC22160025C005 /* FiraSans-SemiBold.ttf */,
				64FE12811FBC22150025C005 /* FiraSans-SemiBoldItalic.ttf */,
				64FE12841FBC22160025C005 /* FiraSans-Thin.ttf */,
				64FE12851FBC22160025C005 /* FiraSans-ThinItalic.ttf */,
				64FE12751FBC21FB0025C005 /* DS-DIGIB.TTF */,
			);
			name = Fonts;
			sourceTree = "<group>";
		};
		C0A394DBF7E81E121B026FE7 /* Pods */ = {
			isa = PBXGroup;
			children = (
				9B903F1D196FF2B2980E137F /* Pods-Multiple Event Countdown.debug.xcconfig */,
				CDEC1EEE30EC2817AB9ACDAA /* Pods-Multiple Event Countdown.release.xcconfig */,
			);
			name = Pods;
			sourceTree = "<group>";
		};
		DD3060DC2AD974C5A5F703F5 /* Frameworks */ = {
			isa = PBXGroup;
			children = (
				64D5FF8E1FC6C31E0043E064 /* CloudKit.framework */,
				BCE784872C9ABEA8E1BA2C39 /* Pods_Multiple_Event_Countdown.framework */,
			);
			name = Frameworks;
			sourceTree = "<group>";
		};
/* End PBXGroup section */

/* Begin PBXNativeTarget section */
		6444D8D61F9CFDFE005C0F9C /* Multiple Event Countdown */ = {
			isa = PBXNativeTarget;
			buildConfigurationList = 6444D8EB1F9CFDFF005C0F9C /* Build configuration list for PBXNativeTarget "Multiple Event Countdown" */;
			buildPhases = (
				FCD529B011E59BF60686D2FC /* [CP] Check Pods Manifest.lock */,
				6444D8D31F9CFDFE005C0F9C /* Sources */,
				6444D8D41F9CFDFE005C0F9C /* Frameworks */,
				6444D8D51F9CFDFE005C0F9C /* Resources */,
				FD8F03B817B9977787C76D58 /* [CP] Embed Pods Frameworks */,
				CF0F5CE180E0A5E7070CD99F /* [CP] Copy Pods Resources */,
			);
			buildRules = (
			);
			dependencies = (
			);
			name = "Multiple Event Countdown";
			productName = "Multiple Event Countdown";
			productReference = 6444D8D71F9CFDFE005C0F9C /* Multiple Event Countdown.app */;
			productType = "com.apple.product-type.application";
		};
/* End PBXNativeTarget section */

/* Begin PBXProject section */
		6444D8CF1F9CFDFE005C0F9C /* Project object */ = {
			isa = PBXProject;
			attributes = {
				LastSwiftUpdateCheck = 0900;
				LastUpgradeCheck = 0900;
				ORGANIZATIONNAME = "Ed Manning";
				TargetAttributes = {
					6444D8D61F9CFDFE005C0F9C = {
						CreatedOnToolsVersion = 9.0.1;
						ProvisioningStyle = Automatic;
						SystemCapabilities = {
							com.apple.ApplicationGroups.iOS = {
								enabled = 1;
							};
							com.apple.Push = {
								enabled = 1;
							};
							com.apple.iCloud = {
								enabled = 1;
							};
						};
					};
				};
			};
			buildConfigurationList = 6444D8D21F9CFDFE005C0F9C /* Build configuration list for PBXProject "Multiple Event Countdown" */;
			compatibilityVersion = "Xcode 8.0";
			developmentRegion = en;
			hasScannedForEncodings = 0;
			knownRegions = (
				en,
				Base,
			);
			mainGroup = 6444D8CE1F9CFDFE005C0F9C;
			productRefGroup = 6444D8D81F9CFDFE005C0F9C /* Products */;
			projectDirPath = "";
			projectRoot = "";
			targets = (
				6444D8D61F9CFDFE005C0F9C /* Multiple Event Countdown */,
			);
		};
/* End PBXProject section */

/* Begin PBXResourcesBuildPhase section */
		6444D8D51F9CFDFE005C0F9C /* Resources */ = {
			isa = PBXResourcesBuildPhase;
			buildActionMask = 2147483647;
			files = (
				64FE12931FBC22160025C005 /* FiraSans-SemiBoldItalic.ttf in Resources */,
				64D5FF851FC57D390043E064 /* ImageInputView.xib in Resources */,
				64FE128C1FBC22160025C005 /* FiraSans-Light.ttf in Resources */,
				64FE128A1FBC22160025C005 /* FiraSans-ExtraBoldItalic.ttf in Resources */,
				6444D8E71F9CFDFF005C0F9C /* LaunchScreen.storyboard in Resources */,
				64FE12911FBC22160025C005 /* FiraSans-BlackItalic.ttf in Resources */,
				64FE128D1FBC22160025C005 /* FiraSans-Black.ttf in Resources */,
				64FE12941FBC22160025C005 /* FiraSans-Italic.ttf in Resources */,
				64FE12881FBC22160025C005 /* FiraSans-Regular.ttf in Resources */,
				64FE12981FBC22160025C005 /* FiraSans-SemiBold.ttf in Resources */,
				64FE12991FBC22160025C005 /* FiraSans-ExtraLight.ttf in Resources */,
				64FE12971FBC22160025C005 /* FiraSans-ThinItalic.ttf in Resources */,
				64D5FF911FC7DF100043E064 /* ImageInputViewCollectionViewCell.xib in Resources */,
				64FE12901FBC22160025C005 /* FiraSans-ExtraBold.ttf in Resources */,
				6444D8F51F9D0509005C0F9C /* Default-568h@2x.png in Resources */,
				64FE128F1FBC22160025C005 /* FiraSans-Bold.ttf in Resources */,
				6444D8E41F9CFDFF005C0F9C /* Assets.xcassets in Resources */,
				64D5FF741FC41DAD0043E064 /* DateInputView.xib in Resources */,
				64FE128E1FBC22160025C005 /* FiraSans-Medium.ttf in Resources */,
				64FE12961FBC22160025C005 /* FiraSans-Thin.ttf in Resources */,
				64FE12891FBC22160025C005 /* FiraSans-BoldItalic.ttf in Resources */,
				64238DB11FFDFE42009124BD /* CustomNewEventInputButton.xib in Resources */,
				64FE12951FBC22160025C005 /* FiraSans-LightItalic.ttf in Resources */,
				6444D8E21F9CFDFF005C0F9C /* Main.storyboard in Resources */,
				64FE12921FBC22160025C005 /* FiraSans-MediumItalic.ttf in Resources */,
				64FE128B1FBC22160025C005 /* FiraSans-ExtraLightItalic.ttf in Resources */,
			);
			runOnlyForDeploymentPostprocessing = 0;
		};
/* End PBXResourcesBuildPhase section */

/* Begin PBXShellScriptBuildPhase section */
		CF0F5CE180E0A5E7070CD99F /* [CP] Copy Pods Resources */ = {
			isa = PBXShellScriptBuildPhase;
			buildActionMask = 2147483647;
			files = (
			);
			inputPaths = (
			);
			name = "[CP] Copy Pods Resources";
			outputPaths = (
			);
			runOnlyForDeploymentPostprocessing = 0;
			shellPath = /bin/sh;
			shellScript = "\"${SRCROOT}/Pods/Target Support Files/Pods-Multiple Event Countdown/Pods-Multiple Event Countdown-resources.sh\"\n";
			showEnvVarsInLog = 0;
		};
		FCD529B011E59BF60686D2FC /* [CP] Check Pods Manifest.lock */ = {
			isa = PBXShellScriptBuildPhase;
			buildActionMask = 2147483647;
			files = (
			);
			inputPaths = (
			);
			name = "[CP] Check Pods Manifest.lock";
			outputPaths = (
			);
			runOnlyForDeploymentPostprocessing = 0;
			shellPath = /bin/sh;
			shellScript = "diff \"${PODS_PODFILE_DIR_PATH}/Podfile.lock\" \"${PODS_ROOT}/Manifest.lock\" > /dev/null\nif [ $? != 0 ] ; then\n    # print error to STDERR\n    echo \"error: The sandbox is not in sync with the Podfile.lock. Run 'pod install' or update your CocoaPods installation.\" >&2\n    exit 1\nfi\n";
			showEnvVarsInLog = 0;
		};
		FD8F03B817B9977787C76D58 /* [CP] Embed Pods Frameworks */ = {
			isa = PBXShellScriptBuildPhase;
			buildActionMask = 2147483647;
			files = (
			);
			inputPaths = (
			);
			name = "[CP] Embed Pods Frameworks";
			outputPaths = (
			);
			runOnlyForDeploymentPostprocessing = 0;
			shellPath = /bin/sh;
			shellScript = "\"${SRCROOT}/Pods/Target Support Files/Pods-Multiple Event Countdown/Pods-Multiple Event Countdown-frameworks.sh\"\n";
			showEnvVarsInLog = 0;
		};
/* End PBXShellScriptBuildPhase section */

/* Begin PBXSourcesBuildPhase section */
		6444D8D31F9CFDFE005C0F9C /* Sources */ = {
			isa = PBXSourcesBuildPhase;
			buildActionMask = 2147483647;
			files = (
				6477FB122016F8C100EDFF50 /* LabelBackgroundView.swift in Sources */,
				64D5FF771FC421210043E064 /* DateInputView.swift in Sources */,
				64768B1C1F9E4395005CA6CA /* EventTableViewCell.swift in Sources */,
				6444D8F21F9D03F1005C0F9C /* RealmDataModel.swift in Sources */,
				64D5FF891FC67FFE0043E064 /* ImageHandler.swift in Sources */,
				64E40C061FBC5FF40076AB2D /* NewEventViewControllerOld.swift in Sources */,
				643F9A291FC9520900D1D82E /* ImageHandlerDelegate.swift in Sources */,
				643C362F200DD4B400ECCA8F /* ButtonsView.swift in Sources */,
				64238DAF1FFDFDEB009124BD /* NewEventInputsControl.swift in Sources */,
				64D5FF7B1FC45C910043E064 /* GlobalTypes.swift in Sources */,
				64D5FF871FC57D510043E064 /* ImageInputView.swift in Sources */,
				6477FB0F201311CE00EDFF50 /* CGSizeExtensions.swift in Sources */,
				64D5FF931FC7DF2A0043E064 /* ImageInputViewCollectionViewCell.swift in Sources */,
				6444D8DF1F9CFDFE005C0F9C /* DetailViewController.swift in Sources */,
				64DC6E3B1FFC6BCC00FF8385 /* NewEventViewController.swift in Sources */,
				64BFC8AA2008644D002DA9EF /* StringExtensions.swift in Sources */,
				6444D8DD1F9CFDFE005C0F9C /* MasterViewController.swift in Sources */,
				6444D8DB1F9CFDFE005C0F9C /* AppDelegate.swift in Sources */,
			);
			runOnlyForDeploymentPostprocessing = 0;
		};
/* End PBXSourcesBuildPhase section */

/* Begin PBXVariantGroup section */
		6444D8E01F9CFDFF005C0F9C /* Main.storyboard */ = {
			isa = PBXVariantGroup;
			children = (
				6444D8E11F9CFDFF005C0F9C /* Base */,
			);
			name = Main.storyboard;
			sourceTree = "<group>";
		};
		6444D8E51F9CFDFF005C0F9C /* LaunchScreen.storyboard */ = {
			isa = PBXVariantGroup;
			children = (
				6444D8E61F9CFDFF005C0F9C /* Base */,
			);
			name = LaunchScreen.storyboard;
			sourceTree = "<group>";
		};
/* End PBXVariantGroup section */

/* Begin XCBuildConfiguration section */
		6444D8E91F9CFDFF005C0F9C /* Debug */ = {
			isa = XCBuildConfiguration;
			buildSettings = {
				ALWAYS_SEARCH_USER_PATHS = NO;
				CLANG_ANALYZER_NONNULL = YES;
				CLANG_ANALYZER_NUMBER_OBJECT_CONVERSION = YES_AGGRESSIVE;
				CLANG_CXX_LANGUAGE_STANDARD = "gnu++14";
				CLANG_CXX_LIBRARY = "libc++";
				CLANG_ENABLE_MODULES = YES;
				CLANG_ENABLE_OBJC_ARC = YES;
				CLANG_WARN_BLOCK_CAPTURE_AUTORELEASING = YES;
				CLANG_WARN_BOOL_CONVERSION = YES;
				CLANG_WARN_COMMA = YES;
				CLANG_WARN_CONSTANT_CONVERSION = YES;
				CLANG_WARN_DIRECT_OBJC_ISA_USAGE = YES_ERROR;
				CLANG_WARN_DOCUMENTATION_COMMENTS = YES;
				CLANG_WARN_EMPTY_BODY = YES;
				CLANG_WARN_ENUM_CONVERSION = YES;
				CLANG_WARN_INFINITE_RECURSION = YES;
				CLANG_WARN_INT_CONVERSION = YES;
				CLANG_WARN_NON_LITERAL_NULL_CONVERSION = YES;
				CLANG_WARN_OBJC_LITERAL_CONVERSION = YES;
				CLANG_WARN_OBJC_ROOT_CLASS = YES_ERROR;
				CLANG_WARN_RANGE_LOOP_ANALYSIS = YES;
				CLANG_WARN_STRICT_PROTOTYPES = YES;
				CLANG_WARN_SUSPICIOUS_MOVE = YES;
				CLANG_WARN_UNGUARDED_AVAILABILITY = YES_AGGRESSIVE;
				CLANG_WARN_UNREACHABLE_CODE = YES;
				CLANG_WARN__DUPLICATE_METHOD_MATCH = YES;
				CODE_SIGN_IDENTITY = "iPhone Developer";
				COPY_PHASE_STRIP = NO;
				DEBUG_INFORMATION_FORMAT = dwarf;
				ENABLE_STRICT_OBJC_MSGSEND = YES;
				ENABLE_TESTABILITY = YES;
				GCC_C_LANGUAGE_STANDARD = gnu11;
				GCC_DYNAMIC_NO_PIC = NO;
				GCC_NO_COMMON_BLOCKS = YES;
				GCC_OPTIMIZATION_LEVEL = 0;
				GCC_PREPROCESSOR_DEFINITIONS = (
					"DEBUG=1",
					"$(inherited)",
				);
				GCC_WARN_64_TO_32_BIT_CONVERSION = YES;
				GCC_WARN_ABOUT_RETURN_TYPE = YES_ERROR;
				GCC_WARN_UNDECLARED_SELECTOR = YES;
				GCC_WARN_UNINITIALIZED_AUTOS = YES_AGGRESSIVE;
				GCC_WARN_UNUSED_FUNCTION = YES;
				GCC_WARN_UNUSED_VARIABLE = YES;
				IPHONEOS_DEPLOYMENT_TARGET = 11.0;
				MTL_ENABLE_DEBUG_INFO = YES;
				ONLY_ACTIVE_ARCH = YES;
				SDKROOT = iphoneos;
				SWIFT_ACTIVE_COMPILATION_CONDITIONS = DEBUG;
				SWIFT_OPTIMIZATION_LEVEL = "-Onone";
			};
			name = Debug;
		};
		6444D8EA1F9CFDFF005C0F9C /* Release */ = {
			isa = XCBuildConfiguration;
			buildSettings = {
				ALWAYS_SEARCH_USER_PATHS = NO;
				CLANG_ANALYZER_NONNULL = YES;
				CLANG_ANALYZER_NUMBER_OBJECT_CONVERSION = YES_AGGRESSIVE;
				CLANG_CXX_LANGUAGE_STANDARD = "gnu++14";
				CLANG_CXX_LIBRARY = "libc++";
				CLANG_ENABLE_MODULES = YES;
				CLANG_ENABLE_OBJC_ARC = YES;
				CLANG_WARN_BLOCK_CAPTURE_AUTORELEASING = YES;
				CLANG_WARN_BOOL_CONVERSION = YES;
				CLANG_WARN_COMMA = YES;
				CLANG_WARN_CONSTANT_CONVERSION = YES;
				CLANG_WARN_DIRECT_OBJC_ISA_USAGE = YES_ERROR;
				CLANG_WARN_DOCUMENTATION_COMMENTS = YES;
				CLANG_WARN_EMPTY_BODY = YES;
				CLANG_WARN_ENUM_CONVERSION = YES;
				CLANG_WARN_INFINITE_RECURSION = YES;
				CLANG_WARN_INT_CONVERSION = YES;
				CLANG_WARN_NON_LITERAL_NULL_CONVERSION = YES;
				CLANG_WARN_OBJC_LITERAL_CONVERSION = YES;
				CLANG_WARN_OBJC_ROOT_CLASS = YES_ERROR;
				CLANG_WARN_RANGE_LOOP_ANALYSIS = YES;
				CLANG_WARN_STRICT_PROTOTYPES = YES;
				CLANG_WARN_SUSPICIOUS_MOVE = YES;
				CLANG_WARN_UNGUARDED_AVAILABILITY = YES_AGGRESSIVE;
				CLANG_WARN_UNREACHABLE_CODE = YES;
				CLANG_WARN__DUPLICATE_METHOD_MATCH = YES;
				CODE_SIGN_IDENTITY = "iPhone Developer";
				COPY_PHASE_STRIP = NO;
				DEBUG_INFORMATION_FORMAT = "dwarf-with-dsym";
				ENABLE_NS_ASSERTIONS = NO;
				ENABLE_STRICT_OBJC_MSGSEND = YES;
				GCC_C_LANGUAGE_STANDARD = gnu11;
				GCC_NO_COMMON_BLOCKS = YES;
				GCC_WARN_64_TO_32_BIT_CONVERSION = YES;
				GCC_WARN_ABOUT_RETURN_TYPE = YES_ERROR;
				GCC_WARN_UNDECLARED_SELECTOR = YES;
				GCC_WARN_UNINITIALIZED_AUTOS = YES_AGGRESSIVE;
				GCC_WARN_UNUSED_FUNCTION = YES;
				GCC_WARN_UNUSED_VARIABLE = YES;
				IPHONEOS_DEPLOYMENT_TARGET = 11.0;
				MTL_ENABLE_DEBUG_INFO = NO;
				SDKROOT = iphoneos;
				SWIFT_OPTIMIZATION_LEVEL = "-Owholemodule";
				VALIDATE_PRODUCT = YES;
			};
			name = Release;
		};
		6444D8EC1F9CFDFF005C0F9C /* Debug */ = {
			isa = XCBuildConfiguration;
			baseConfigurationReference = 9B903F1D196FF2B2980E137F /* Pods-Multiple Event Countdown.debug.xcconfig */;
			buildSettings = {
				ASSETCATALOG_COMPILER_APPICON_NAME = AppIcon;
				CODE_SIGN_ENTITLEMENTS = "Multiple Event Countdown/Multiple Event Countdown.entitlements";
				CODE_SIGN_STYLE = Automatic;
				DEVELOPMENT_TEAM = 2F2W64K6HE;
				INFOPLIST_FILE = "$(SRCROOT)/Multiple Event Countdown/Supporting Documents/Info.plist";
				LD_RUNPATH_SEARCH_PATHS = "$(inherited) @executable_path/Frameworks";
				PRODUCT_BUNDLE_IDENTIFIER = "Ed-Manning.Multiple-Event-Countdown";
				PRODUCT_NAME = "$(TARGET_NAME)";
				SWIFT_VERSION = 4.0;
				TARGETED_DEVICE_FAMILY = "1,2";
			};
			name = Debug;
		};
		6444D8ED1F9CFDFF005C0F9C /* Release */ = {
			isa = XCBuildConfiguration;
			baseConfigurationReference = CDEC1EEE30EC2817AB9ACDAA /* Pods-Multiple Event Countdown.release.xcconfig */;
			buildSettings = {
				ASSETCATALOG_COMPILER_APPICON_NAME = AppIcon;
				CODE_SIGN_ENTITLEMENTS = "Multiple Event Countdown/Multiple Event Countdown.entitlements";
				CODE_SIGN_STYLE = Automatic;
				DEVELOPMENT_TEAM = 2F2W64K6HE;
				INFOPLIST_FILE = "$(SRCROOT)/Multiple Event Countdown/Supporting Documents/Info.plist";
				LD_RUNPATH_SEARCH_PATHS = "$(inherited) @executable_path/Frameworks";
				PRODUCT_BUNDLE_IDENTIFIER = "Ed-Manning.Multiple-Event-Countdown";
				PRODUCT_NAME = "$(TARGET_NAME)";
				SWIFT_VERSION = 4.0;
				TARGETED_DEVICE_FAMILY = "1,2";
			};
			name = Release;
		};
/* End XCBuildConfiguration section */

/* Begin XCConfigurationList section */
		6444D8D21F9CFDFE005C0F9C /* Build configuration list for PBXProject "Multiple Event Countdown" */ = {
			isa = XCConfigurationList;
			buildConfigurations = (
				6444D8E91F9CFDFF005C0F9C /* Debug */,
				6444D8EA1F9CFDFF005C0F9C /* Release */,
			);
			defaultConfigurationIsVisible = 0;
			defaultConfigurationName = Release;
		};
		6444D8EB1F9CFDFF005C0F9C /* Build configuration list for PBXNativeTarget "Multiple Event Countdown" */ = {
			isa = XCConfigurationList;
			buildConfigurations = (
				6444D8EC1F9CFDFF005C0F9C /* Debug */,
				6444D8ED1F9CFDFF005C0F9C /* Release */,
			);
			defaultConfigurationIsVisible = 0;
			defaultConfigurationName = Release;
		};
/* End XCConfigurationList section */
	};
	rootObject = 6444D8CF1F9CFDFE005C0F9C /* Project object */;
}
