// !$*UTF8*$!
{
	archiveVersion = 1;
	classes = {
	};
	objectVersion = 48;
	objects = {

/* Begin PBXBuildFile section */
		64004AED20D0F1F5002BF8A7 /* CellExpandSegue.swift in Sources */ = {isa = PBXBuildFile; fileRef = 64004AEC20D0F1F5002BF8A7 /* CellExpandSegue.swift */; };
		64004AEF20D0F33E002BF8A7 /* UIImageExtensions.swift in Sources */ = {isa = PBXBuildFile; fileRef = 64004AEE20D0F33E002BF8A7 /* UIImageExtensions.swift */; };
		64074C3F2018470600BD6C39 /* TextInputAccessoryView.swift in Sources */ = {isa = PBXBuildFile; fileRef = 64074C3E2018470600BD6C39 /* TextInputAccessoryView.swift */; };
		64074C412018473000BD6C39 /* TextInputAccessoryView.xib in Resources */ = {isa = PBXBuildFile; fileRef = 64074C402018473000BD6C39 /* TextInputAccessoryView.xib */; };
		640F9C912043AA7A005CD69E /* CKAssetExtensions.swift in Sources */ = {isa = PBXBuildFile; fileRef = 640F9C902043AA7A005CD69E /* CKAssetExtensions.swift */; };
		6444D8DB1F9CFDFE005C0F9C /* AppDelegate.swift in Sources */ = {isa = PBXBuildFile; fileRef = 6444D8DA1F9CFDFE005C0F9C /* AppDelegate.swift */; };
		6444D8DD1F9CFDFE005C0F9C /* MasterViewController.swift in Sources */ = {isa = PBXBuildFile; fileRef = 6444D8DC1F9CFDFE005C0F9C /* MasterViewController.swift */; };
		6444D8DF1F9CFDFE005C0F9C /* DetailViewController.swift in Sources */ = {isa = PBXBuildFile; fileRef = 6444D8DE1F9CFDFE005C0F9C /* DetailViewController.swift */; };
		6444D8E21F9CFDFF005C0F9C /* Main.storyboard in Resources */ = {isa = PBXBuildFile; fileRef = 6444D8E01F9CFDFF005C0F9C /* Main.storyboard */; };
		6444D8E41F9CFDFF005C0F9C /* Assets.xcassets in Resources */ = {isa = PBXBuildFile; fileRef = 6444D8E31F9CFDFF005C0F9C /* Assets.xcassets */; };
		6444D8E71F9CFDFF005C0F9C /* LaunchScreen.storyboard in Resources */ = {isa = PBXBuildFile; fileRef = 6444D8E51F9CFDFF005C0F9C /* LaunchScreen.storyboard */; };
		6444D8F21F9D03F1005C0F9C /* RealmDataModel.swift in Sources */ = {isa = PBXBuildFile; fileRef = 6444D8F11F9D03F1005C0F9C /* RealmDataModel.swift */; };
		6444D8F51F9D0509005C0F9C /* Default-568h@2x.png in Resources */ = {isa = PBXBuildFile; fileRef = 6444D8F41F9D0509005C0F9C /* Default-568h@2x.png */; };
		644BBAAE2047C0AF00CF0C29 /* ImagePreviewViewController.swift in Sources */ = {isa = PBXBuildFile; fileRef = 644BBAAD2047C0AF00CF0C29 /* ImagePreviewViewController.swift */; };
		644BBAB02049226300CF0C29 /* CountdownMainImageView.swift in Sources */ = {isa = PBXBuildFile; fileRef = 644BBAAF2049226300CF0C29 /* CountdownMainImageView.swift */; };
		644BBAB22049318400CF0C29 /* GradientMaskView.swift in Sources */ = {isa = PBXBuildFile; fileRef = 644BBAB12049318400CF0C29 /* GradientMaskView.swift */; };
		644BBAB6204BC67B00CF0C29 /* CountdownMaskImageView.swift in Sources */ = {isa = PBXBuildFile; fileRef = 644BBAB5204BC67B00CF0C29 /* CountdownMaskImageView.swift */; };
		64520C0920C1305D00169A17 /* LoadingCollectionViewCell.swift in Sources */ = {isa = PBXBuildFile; fileRef = 64520C0820C1305D00169A17 /* LoadingCollectionViewCell.swift */; };
		64537F61204663B500FDAC5A /* CountdownImageDelegate.swift in Sources */ = {isa = PBXBuildFile; fileRef = 64537F60204663B500FDAC5A /* CountdownImageDelegate.swift */; };
		645A8A9F20294FD200E5934D /* ImageClasses.swift in Sources */ = {isa = PBXBuildFile; fileRef = 645A8A9E20294FD200E5934D /* ImageClasses.swift */; };
		64691C1C201EBA7300ADA4C3 /* SpecialEventCell.xib in Resources */ = {isa = PBXBuildFile; fileRef = 64691C1B201EBA7300ADA4C3 /* SpecialEventCell.xib */; };
		64691C1E201EC2FD00ADA4C3 /* WaveEffectView.swift in Sources */ = {isa = PBXBuildFile; fileRef = 64691C1D201EC2FD00ADA4C3 /* WaveEffectView.swift */; };
		64691C1F201FDF5700ADA4C3 /* DS-DIGIB.TTF in Resources */ = {isa = PBXBuildFile; fileRef = 64FE12751FBC21FB0025C005 /* DS-DIGIB.TTF */; };
		646C5D672033DD13008B4BE1 /* DesertDunesThumbnail@2x.jpg in Resources */ = {isa = PBXBuildFile; fileRef = 646C5D602033DD12008B4BE1 /* DesertDunesThumbnail@2x.jpg */; };
		646C5D692033DD13008B4BE1 /* DesertDunesThumbnail@1x.jpg in Resources */ = {isa = PBXBuildFile; fileRef = 646C5D622033DD12008B4BE1 /* DesertDunesThumbnail@1x.jpg */; };
		646C5D6B2033DD13008B4BE1 /* DesertDunesThumbnail@3x.jpg in Resources */ = {isa = PBXBuildFile; fileRef = 646C5D642033DD13008B4BE1 /* DesertDunesThumbnail@3x.jpg */; };
		646C5D6E2033DDD5008B4BE1 /* DesertDunes.jpg in Resources */ = {isa = PBXBuildFile; fileRef = 646C5D6C2033DDD4008B4BE1 /* DesertDunes.jpg */; };
		646C5D6F2033DDD5008B4BE1 /* DesertDunesMask.png in Resources */ = {isa = PBXBuildFile; fileRef = 646C5D6D2033DDD5008B4BE1 /* DesertDunesMask.png */; };
		646F699720A1C6CA00E9518C /* CircularDisplayView.swift in Sources */ = {isa = PBXBuildFile; fileRef = 646F699620A1C6C900E9518C /* CircularDisplayView.swift */; };
		64768B1C1F9E4395005CA6CA /* EventTableViewCell.swift in Sources */ = {isa = PBXBuildFile; fileRef = 64768B1B1F9E4395005CA6CA /* EventTableViewCell.swift */; };
		6477FB0F201311CE00EDFF50 /* CGSizeExtensions.swift in Sources */ = {isa = PBXBuildFile; fileRef = 6477FB0E201311CE00EDFF50 /* CGSizeExtensions.swift */; };
		6489FBBB20EE20F800F32B5A /* FiraSans-Regular.ttf in Resources */ = {isa = PBXBuildFile; fileRef = 6489FBA920EE209700F32B5A /* FiraSans-Regular.ttf */; };
		6489FBBC20EE20F800F32B5A /* FiraSans-BoldItalic.ttf in Resources */ = {isa = PBXBuildFile; fileRef = 6489FBAA20EE209D00F32B5A /* FiraSans-BoldItalic.ttf */; };
		6489FBBD20EE20F800F32B5A /* FiraSans-ExtraBoldItalic.ttf in Resources */ = {isa = PBXBuildFile; fileRef = 6489FBAB20EE20A200F32B5A /* FiraSans-ExtraBoldItalic.ttf */; };
		6489FBBE20EE20F800F32B5A /* FiraSans-ExtraLightItalic.ttf in Resources */ = {isa = PBXBuildFile; fileRef = 6489FBAC20EE20AB00F32B5A /* FiraSans-ExtraLightItalic.ttf */; };
		6489FBBF20EE20F800F32B5A /* FiraSans-Light.ttf in Resources */ = {isa = PBXBuildFile; fileRef = 6489FBAD20EE20B100F32B5A /* FiraSans-Light.ttf */; };
		6489FBC020EE20F800F32B5A /* FiraSans-Black.ttf in Resources */ = {isa = PBXBuildFile; fileRef = 6489FBAE20EE20B600F32B5A /* FiraSans-Black.ttf */; };
		6489FBC120EE20F800F32B5A /* FiraSans-Medium.ttf in Resources */ = {isa = PBXBuildFile; fileRef = 6489FBAF20EE20BA00F32B5A /* FiraSans-Medium.ttf */; };
		6489FBC220EE20F800F32B5A /* FiraSans-Bold.ttf in Resources */ = {isa = PBXBuildFile; fileRef = 6489FBB020EE20BF00F32B5A /* FiraSans-Bold.ttf */; };
		6489FBC320EE20F800F32B5A /* FiraSans-ExtraBold.ttf in Resources */ = {isa = PBXBuildFile; fileRef = 6489FBB120EE20C400F32B5A /* FiraSans-ExtraBold.ttf */; };
		6489FBC420EE20F800F32B5A /* FiraSans-BlackItalic.ttf in Resources */ = {isa = PBXBuildFile; fileRef = 6489FBB220EE20C700F32B5A /* FiraSans-BlackItalic.ttf */; };
		6489FBC520EE20F800F32B5A /* FiraSans-MediumItalic.ttf in Resources */ = {isa = PBXBuildFile; fileRef = 6489FBB320EE20CC00F32B5A /* FiraSans-MediumItalic.ttf */; };
		6489FBC620EE20F800F32B5A /* FiraSans-SemiBoldItalic.ttf in Resources */ = {isa = PBXBuildFile; fileRef = 6489FBB420EE20D200F32B5A /* FiraSans-SemiBoldItalic.ttf */; };
		6489FBC720EE20F800F32B5A /* FiraSans-Italic.ttf in Resources */ = {isa = PBXBuildFile; fileRef = 6489FBB520EE20D700F32B5A /* FiraSans-Italic.ttf */; };
		6489FBC820EE20F800F32B5A /* FiraSans-LightItalic.ttf in Resources */ = {isa = PBXBuildFile; fileRef = 6489FBB620EE20DA00F32B5A /* FiraSans-LightItalic.ttf */; };
		6489FBC920EE20F800F32B5A /* FiraSans-Thin.ttf in Resources */ = {isa = PBXBuildFile; fileRef = 6489FBB720EE20E100F32B5A /* FiraSans-Thin.ttf */; };
		6489FBCA20EE20F800F32B5A /* FiraSans-ThinItalic.ttf in Resources */ = {isa = PBXBuildFile; fileRef = 6489FBB820EE20EA00F32B5A /* FiraSans-ThinItalic.ttf */; };
		6489FBCB20EE20F800F32B5A /* FiraSans-SemiBold.ttf in Resources */ = {isa = PBXBuildFile; fileRef = 6489FBB920EE20EE00F32B5A /* FiraSans-SemiBold.ttf */; };
		6489FBCC20EE20F800F32B5A /* FiraSans-ExtraLight.ttf in Resources */ = {isa = PBXBuildFile; fileRef = 6489FBBA20EE20F500F32B5A /* FiraSans-ExtraLight.ttf */; };
		64A4855320AABD0400CE4418 /* Comfortaa-Light.ttf in Resources */ = {isa = PBXBuildFile; fileRef = 64A4855020AABD0200CE4418 /* Comfortaa-Light.ttf */; };
		64A4855420AABD0400CE4418 /* Comfortaa-Regular.ttf in Resources */ = {isa = PBXBuildFile; fileRef = 64A4855120AABD0200CE4418 /* Comfortaa-Regular.ttf */; };
		64A4855520AABD0400CE4418 /* Comfortaa-Bold.ttf in Resources */ = {isa = PBXBuildFile; fileRef = 64A4855220AABD0300CE4418 /* Comfortaa-Bold.ttf */; };
		64B1D9942022B8930034FE21 /* Raleway-BoldItalic.ttf in Resources */ = {isa = PBXBuildFile; fileRef = 64B1D9822022B88E0034FE21 /* Raleway-BoldItalic.ttf */; };
		64B1D9952022B8930034FE21 /* Raleway-ExtraBold.ttf in Resources */ = {isa = PBXBuildFile; fileRef = 64B1D9832022B88E0034FE21 /* Raleway-ExtraBold.ttf */; };
		64B1D9962022B8930034FE21 /* Raleway-Bold.ttf in Resources */ = {isa = PBXBuildFile; fileRef = 64B1D9842022B88E0034FE21 /* Raleway-Bold.ttf */; };
		64B1D9972022B8930034FE21 /* Raleway-ExtraBoldItalic.ttf in Resources */ = {isa = PBXBuildFile; fileRef = 64B1D9852022B88F0034FE21 /* Raleway-ExtraBoldItalic.ttf */; };
		64B1D9982022B8930034FE21 /* Raleway-Black.ttf in Resources */ = {isa = PBXBuildFile; fileRef = 64B1D9862022B88F0034FE21 /* Raleway-Black.ttf */; };
		64B1D9992022B8930034FE21 /* Raleway-ExtraLight.ttf in Resources */ = {isa = PBXBuildFile; fileRef = 64B1D9872022B88F0034FE21 /* Raleway-ExtraLight.ttf */; };
		64B1D99A2022B8930034FE21 /* Raleway-Light.ttf in Resources */ = {isa = PBXBuildFile; fileRef = 64B1D9882022B88F0034FE21 /* Raleway-Light.ttf */; };
		64B1D99B2022B8930034FE21 /* Raleway-Medium.ttf in Resources */ = {isa = PBXBuildFile; fileRef = 64B1D9892022B8900034FE21 /* Raleway-Medium.ttf */; };
		64B1D99C2022B8930034FE21 /* Raleway-Regular.ttf in Resources */ = {isa = PBXBuildFile; fileRef = 64B1D98A2022B8900034FE21 /* Raleway-Regular.ttf */; };
		64B1D99D2022B8930034FE21 /* Raleway-SemiBold.ttf in Resources */ = {isa = PBXBuildFile; fileRef = 64B1D98B2022B8900034FE21 /* Raleway-SemiBold.ttf */; };
		64B1D99E2022B8930034FE21 /* Raleway-Thin.ttf in Resources */ = {isa = PBXBuildFile; fileRef = 64B1D98C2022B8900034FE21 /* Raleway-Thin.ttf */; };
		64B1D99F2022B8930034FE21 /* Raleway-ThinItalic.ttf in Resources */ = {isa = PBXBuildFile; fileRef = 64B1D98D2022B8910034FE21 /* Raleway-ThinItalic.ttf */; };
		64B1D9A02022B8930034FE21 /* Raleway-Italic.ttf in Resources */ = {isa = PBXBuildFile; fileRef = 64B1D98E2022B8910034FE21 /* Raleway-Italic.ttf */; };
		64B1D9A12022B8930034FE21 /* Raleway-LightItalic.ttf in Resources */ = {isa = PBXBuildFile; fileRef = 64B1D98F2022B8910034FE21 /* Raleway-LightItalic.ttf */; };
		64B1D9A22022B8930034FE21 /* Raleway-MediumItalic.ttf in Resources */ = {isa = PBXBuildFile; fileRef = 64B1D9902022B8920034FE21 /* Raleway-MediumItalic.ttf */; };
		64B1D9A32022B8930034FE21 /* Raleway-BlackItalic.ttf in Resources */ = {isa = PBXBuildFile; fileRef = 64B1D9912022B8920034FE21 /* Raleway-BlackItalic.ttf */; };
		64B1D9A42022B8930034FE21 /* Raleway-ExtraLightItalic.ttf in Resources */ = {isa = PBXBuildFile; fileRef = 64B1D9922022B8920034FE21 /* Raleway-ExtraLightItalic.ttf */; };
		64B1D9A52022B8930034FE21 /* Raleway-SemiBoldItalic.ttf in Resources */ = {isa = PBXBuildFile; fileRef = 64B1D9932022B8930034FE21 /* Raleway-SemiBoldItalic.ttf */; };
		64B1D9A72022C8820034FE21 /* StoreKit.framework in Frameworks */ = {isa = PBXBuildFile; fileRef = 64B1D9A62022C8820034FE21 /* StoreKit.framework */; };
		64B1D9A92022CD580034FE21 /* inAppPurchaseProductIDs.plist in Resources */ = {isa = PBXBuildFile; fileRef = 64B1D9A82022CD580034FE21 /* inAppPurchaseProductIDs.plist */; };
		64B1D9AB2022D1C50034FE21 /* SelectImageViewController.swift in Sources */ = {isa = PBXBuildFile; fileRef = 64B1D9AA2022D1C50034FE21 /* SelectImageViewController.swift */; };
		64B1D9AD2022E3160034FE21 /* SelectImageCollectionViewCell.swift in Sources */ = {isa = PBXBuildFile; fileRef = 64B1D9AC2022E3160034FE21 /* SelectImageCollectionViewCell.swift */; };
		64BFC8AA2008644D002DA9EF /* StringExtensions.swift in Sources */ = {isa = PBXBuildFile; fileRef = 64BFC8A92008644D002DA9EF /* StringExtensions.swift */; };
		64D5FF8F1FC6C31E0043E064 /* CloudKit.framework in Frameworks */ = {isa = PBXBuildFile; fileRef = 64D5FF8E1FC6C31E0043E064 /* CloudKit.framework */; };
		64DC6E3B1FFC6BCC00FF8385 /* NewEventViewController.swift in Sources */ = {isa = PBXBuildFile; fileRef = 64DC6E3A1FFC6BCC00FF8385 /* NewEventViewController.swift */; };
		64E0572A2032AC6400ABCF3B /* BoolExtensions.swift in Sources */ = {isa = PBXBuildFile; fileRef = 64E057292032AC6400ABCF3B /* BoolExtensions.swift */; };
		64F7809D20C4FB3D008B1A2F /* ManagedCatalogImagesDelegate.swift in Sources */ = {isa = PBXBuildFile; fileRef = 64F7809C20C4FB3D008B1A2F /* ManagedCatalogImagesDelegate.swift */; };
		B65F908917762A0A66BE04AC /* Pods_Multiple_Event_Countdown.framework in Frameworks */ = {isa = PBXBuildFile; fileRef = BCE784872C9ABEA8E1BA2C39 /* Pods_Multiple_Event_Countdown.framework */; };
/* End PBXBuildFile section */

/* Begin PBXFileReference section */
		64004AEC20D0F1F5002BF8A7 /* CellExpandSegue.swift */ = {isa = PBXFileReference; lastKnownFileType = sourcecode.swift; path = CellExpandSegue.swift; sourceTree = "<group>"; };
		64004AEE20D0F33E002BF8A7 /* UIImageExtensions.swift */ = {isa = PBXFileReference; lastKnownFileType = sourcecode.swift; path = UIImageExtensions.swift; sourceTree = "<group>"; };
		64074C3E2018470600BD6C39 /* TextInputAccessoryView.swift */ = {isa = PBXFileReference; lastKnownFileType = sourcecode.swift; path = TextInputAccessoryView.swift; sourceTree = "<group>"; };
		64074C402018473000BD6C39 /* TextInputAccessoryView.xib */ = {isa = PBXFileReference; lastKnownFileType = file.xib; path = TextInputAccessoryView.xib; sourceTree = "<group>"; };
		640F9C902043AA7A005CD69E /* CKAssetExtensions.swift */ = {isa = PBXFileReference; lastKnownFileType = sourcecode.swift; path = CKAssetExtensions.swift; sourceTree = "<group>"; };
		6444D8D71F9CFDFE005C0F9C /* Multiple Event Countdown.app */ = {isa = PBXFileReference; explicitFileType = wrapper.application; includeInIndex = 0; path = "Multiple Event Countdown.app"; sourceTree = BUILT_PRODUCTS_DIR; };
		6444D8DA1F9CFDFE005C0F9C /* AppDelegate.swift */ = {isa = PBXFileReference; lastKnownFileType = sourcecode.swift; path = AppDelegate.swift; sourceTree = "<group>"; };
		6444D8DC1F9CFDFE005C0F9C /* MasterViewController.swift */ = {isa = PBXFileReference; lastKnownFileType = sourcecode.swift; path = MasterViewController.swift; sourceTree = "<group>"; };
		6444D8DE1F9CFDFE005C0F9C /* DetailViewController.swift */ = {isa = PBXFileReference; lastKnownFileType = sourcecode.swift; path = DetailViewController.swift; sourceTree = "<group>"; };
		6444D8E11F9CFDFF005C0F9C /* Base */ = {isa = PBXFileReference; lastKnownFileType = file.storyboard; name = Base; path = Base.lproj/Main.storyboard; sourceTree = "<group>"; };
		6444D8E31F9CFDFF005C0F9C /* Assets.xcassets */ = {isa = PBXFileReference; lastKnownFileType = folder.assetcatalog; path = Assets.xcassets; sourceTree = "<group>"; };
		6444D8E61F9CFDFF005C0F9C /* Base */ = {isa = PBXFileReference; lastKnownFileType = file.storyboard; name = Base; path = Base.lproj/LaunchScreen.storyboard; sourceTree = "<group>"; };
		6444D8E81F9CFDFF005C0F9C /* Info.plist */ = {isa = PBXFileReference; lastKnownFileType = text.plist.xml; path = Info.plist; sourceTree = "<group>"; };
		6444D8F11F9D03F1005C0F9C /* RealmDataModel.swift */ = {isa = PBXFileReference; lastKnownFileType = sourcecode.swift; path = RealmDataModel.swift; sourceTree = "<group>"; };
		6444D8F41F9D0509005C0F9C /* Default-568h@2x.png */ = {isa = PBXFileReference; lastKnownFileType = image.png; path = "Default-568h@2x.png"; sourceTree = "<group>"; };
		644BBAAD2047C0AF00CF0C29 /* ImagePreviewViewController.swift */ = {isa = PBXFileReference; lastKnownFileType = sourcecode.swift; path = ImagePreviewViewController.swift; sourceTree = "<group>"; };
		644BBAAF2049226300CF0C29 /* CountdownMainImageView.swift */ = {isa = PBXFileReference; lastKnownFileType = sourcecode.swift; path = CountdownMainImageView.swift; sourceTree = "<group>"; };
		644BBAB12049318400CF0C29 /* GradientMaskView.swift */ = {isa = PBXFileReference; lastKnownFileType = sourcecode.swift; path = GradientMaskView.swift; sourceTree = "<group>"; };
		644BBAB5204BC67B00CF0C29 /* CountdownMaskImageView.swift */ = {isa = PBXFileReference; lastKnownFileType = sourcecode.swift; path = CountdownMaskImageView.swift; sourceTree = "<group>"; };
		64520C0820C1305D00169A17 /* LoadingCollectionViewCell.swift */ = {isa = PBXFileReference; lastKnownFileType = sourcecode.swift; path = LoadingCollectionViewCell.swift; sourceTree = "<group>"; };
		64537F60204663B500FDAC5A /* CountdownImageDelegate.swift */ = {isa = PBXFileReference; lastKnownFileType = sourcecode.swift; path = CountdownImageDelegate.swift; sourceTree = "<group>"; };
		645A8A9E20294FD200E5934D /* ImageClasses.swift */ = {isa = PBXFileReference; lastKnownFileType = sourcecode.swift; path = ImageClasses.swift; sourceTree = "<group>"; };
		64691C1B201EBA7300ADA4C3 /* SpecialEventCell.xib */ = {isa = PBXFileReference; lastKnownFileType = file.xib; path = SpecialEventCell.xib; sourceTree = "<group>"; };
		64691C1D201EC2FD00ADA4C3 /* WaveEffectView.swift */ = {isa = PBXFileReference; lastKnownFileType = sourcecode.swift; path = WaveEffectView.swift; sourceTree = "<group>"; };
		646C5D602033DD12008B4BE1 /* DesertDunesThumbnail@2x.jpg */ = {isa = PBXFileReference; lastKnownFileType = image.jpeg; path = "DesertDunesThumbnail@2x.jpg"; sourceTree = "<group>"; };
		646C5D622033DD12008B4BE1 /* DesertDunesThumbnail@1x.jpg */ = {isa = PBXFileReference; lastKnownFileType = image.jpeg; path = "DesertDunesThumbnail@1x.jpg"; sourceTree = "<group>"; };
		646C5D642033DD13008B4BE1 /* DesertDunesThumbnail@3x.jpg */ = {isa = PBXFileReference; lastKnownFileType = image.jpeg; path = "DesertDunesThumbnail@3x.jpg"; sourceTree = "<group>"; };
		646C5D6C2033DDD4008B4BE1 /* DesertDunes.jpg */ = {isa = PBXFileReference; lastKnownFileType = image.jpeg; path = DesertDunes.jpg; sourceTree = "<group>"; };
		646C5D6D2033DDD5008B4BE1 /* DesertDunesMask.png */ = {isa = PBXFileReference; lastKnownFileType = image.png; path = DesertDunesMask.png; sourceTree = "<group>"; };
		646F699620A1C6C900E9518C /* CircularDisplayView.swift */ = {isa = PBXFileReference; fileEncoding = 4; lastKnownFileType = sourcecode.swift; path = CircularDisplayView.swift; sourceTree = "<group>"; };
		64768B1B1F9E4395005CA6CA /* EventTableViewCell.swift */ = {isa = PBXFileReference; lastKnownFileType = sourcecode.swift; path = EventTableViewCell.swift; sourceTree = "<group>"; };
		6477FB0E201311CE00EDFF50 /* CGSizeExtensions.swift */ = {isa = PBXFileReference; lastKnownFileType = sourcecode.swift; name = CGSizeExtensions.swift; path = Extensions/CGSizeExtensions.swift; sourceTree = SOURCE_ROOT; };
		6489FBA920EE209700F32B5A /* FiraSans-Regular.ttf */ = {isa = PBXFileReference; lastKnownFileType = file; path = "FiraSans-Regular.ttf"; sourceTree = "<group>"; };
		6489FBAA20EE209D00F32B5A /* FiraSans-BoldItalic.ttf */ = {isa = PBXFileReference; lastKnownFileType = file; path = "FiraSans-BoldItalic.ttf"; sourceTree = "<group>"; };
		6489FBAB20EE20A200F32B5A /* FiraSans-ExtraBoldItalic.ttf */ = {isa = PBXFileReference; lastKnownFileType = file; path = "FiraSans-ExtraBoldItalic.ttf"; sourceTree = "<group>"; };
		6489FBAC20EE20AB00F32B5A /* FiraSans-ExtraLightItalic.ttf */ = {isa = PBXFileReference; lastKnownFileType = file; path = "FiraSans-ExtraLightItalic.ttf"; sourceTree = "<group>"; };
		6489FBAD20EE20B100F32B5A /* FiraSans-Light.ttf */ = {isa = PBXFileReference; lastKnownFileType = file; path = "FiraSans-Light.ttf"; sourceTree = "<group>"; };
		6489FBAE20EE20B600F32B5A /* FiraSans-Black.ttf */ = {isa = PBXFileReference; lastKnownFileType = file; path = "FiraSans-Black.ttf"; sourceTree = "<group>"; };
		6489FBAF20EE20BA00F32B5A /* FiraSans-Medium.ttf */ = {isa = PBXFileReference; lastKnownFileType = file; path = "FiraSans-Medium.ttf"; sourceTree = "<group>"; };
		6489FBB020EE20BF00F32B5A /* FiraSans-Bold.ttf */ = {isa = PBXFileReference; lastKnownFileType = file; path = "FiraSans-Bold.ttf"; sourceTree = "<group>"; };
		6489FBB120EE20C400F32B5A /* FiraSans-ExtraBold.ttf */ = {isa = PBXFileReference; lastKnownFileType = file; path = "FiraSans-ExtraBold.ttf"; sourceTree = "<group>"; };
		6489FBB220EE20C700F32B5A /* FiraSans-BlackItalic.ttf */ = {isa = PBXFileReference; lastKnownFileType = file; path = "FiraSans-BlackItalic.ttf"; sourceTree = "<group>"; };
		6489FBB320EE20CC00F32B5A /* FiraSans-MediumItalic.ttf */ = {isa = PBXFileReference; lastKnownFileType = file; path = "FiraSans-MediumItalic.ttf"; sourceTree = "<group>"; };
		6489FBB420EE20D200F32B5A /* FiraSans-SemiBoldItalic.ttf */ = {isa = PBXFileReference; lastKnownFileType = file; path = "FiraSans-SemiBoldItalic.ttf"; sourceTree = "<group>"; };
		6489FBB520EE20D700F32B5A /* FiraSans-Italic.ttf */ = {isa = PBXFileReference; lastKnownFileType = file; path = "FiraSans-Italic.ttf"; sourceTree = "<group>"; };
		6489FBB620EE20DA00F32B5A /* FiraSans-LightItalic.ttf */ = {isa = PBXFileReference; lastKnownFileType = file; path = "FiraSans-LightItalic.ttf"; sourceTree = "<group>"; };
		6489FBB720EE20E100F32B5A /* FiraSans-Thin.ttf */ = {isa = PBXFileReference; lastKnownFileType = file; path = "FiraSans-Thin.ttf"; sourceTree = "<group>"; };
		6489FBB820EE20EA00F32B5A /* FiraSans-ThinItalic.ttf */ = {isa = PBXFileReference; lastKnownFileType = file; path = "FiraSans-ThinItalic.ttf"; sourceTree = "<group>"; };
		6489FBB920EE20EE00F32B5A /* FiraSans-SemiBold.ttf */ = {isa = PBXFileReference; lastKnownFileType = file; path = "FiraSans-SemiBold.ttf"; sourceTree = "<group>"; };
		6489FBBA20EE20F500F32B5A /* FiraSans-ExtraLight.ttf */ = {isa = PBXFileReference; lastKnownFileType = file; path = "FiraSans-ExtraLight.ttf"; sourceTree = "<group>"; };
		64A4855020AABD0200CE4418 /* Comfortaa-Light.ttf */ = {isa = PBXFileReference; lastKnownFileType = file; path = "Comfortaa-Light.ttf"; sourceTree = "<group>"; };
		64A4855120AABD0200CE4418 /* Comfortaa-Regular.ttf */ = {isa = PBXFileReference; lastKnownFileType = file; path = "Comfortaa-Regular.ttf"; sourceTree = "<group>"; };
		64A4855220AABD0300CE4418 /* Comfortaa-Bold.ttf */ = {isa = PBXFileReference; lastKnownFileType = file; path = "Comfortaa-Bold.ttf"; sourceTree = "<group>"; };
		64B1D9822022B88E0034FE21 /* Raleway-BoldItalic.ttf */ = {isa = PBXFileReference; lastKnownFileType = file; path = "Raleway-BoldItalic.ttf"; sourceTree = "<group>"; };
		64B1D9832022B88E0034FE21 /* Raleway-ExtraBold.ttf */ = {isa = PBXFileReference; lastKnownFileType = file; path = "Raleway-ExtraBold.ttf"; sourceTree = "<group>"; };
		64B1D9842022B88E0034FE21 /* Raleway-Bold.ttf */ = {isa = PBXFileReference; lastKnownFileType = file; path = "Raleway-Bold.ttf"; sourceTree = "<group>"; };
		64B1D9852022B88F0034FE21 /* Raleway-ExtraBoldItalic.ttf */ = {isa = PBXFileReference; lastKnownFileType = file; path = "Raleway-ExtraBoldItalic.ttf"; sourceTree = "<group>"; };
		64B1D9862022B88F0034FE21 /* Raleway-Black.ttf */ = {isa = PBXFileReference; lastKnownFileType = file; path = "Raleway-Black.ttf"; sourceTree = "<group>"; };
		64B1D9872022B88F0034FE21 /* Raleway-ExtraLight.ttf */ = {isa = PBXFileReference; lastKnownFileType = file; path = "Raleway-ExtraLight.ttf"; sourceTree = "<group>"; };
		64B1D9882022B88F0034FE21 /* Raleway-Light.ttf */ = {isa = PBXFileReference; lastKnownFileType = file; path = "Raleway-Light.ttf"; sourceTree = "<group>"; };
		64B1D9892022B8900034FE21 /* Raleway-Medium.ttf */ = {isa = PBXFileReference; lastKnownFileType = file; path = "Raleway-Medium.ttf"; sourceTree = "<group>"; };
		64B1D98A2022B8900034FE21 /* Raleway-Regular.ttf */ = {isa = PBXFileReference; lastKnownFileType = file; path = "Raleway-Regular.ttf"; sourceTree = "<group>"; };
		64B1D98B2022B8900034FE21 /* Raleway-SemiBold.ttf */ = {isa = PBXFileReference; lastKnownFileType = file; path = "Raleway-SemiBold.ttf"; sourceTree = "<group>"; };
		64B1D98C2022B8900034FE21 /* Raleway-Thin.ttf */ = {isa = PBXFileReference; lastKnownFileType = file; path = "Raleway-Thin.ttf"; sourceTree = "<group>"; };
		64B1D98D2022B8910034FE21 /* Raleway-ThinItalic.ttf */ = {isa = PBXFileReference; lastKnownFileType = file; path = "Raleway-ThinItalic.ttf"; sourceTree = "<group>"; };
		64B1D98E2022B8910034FE21 /* Raleway-Italic.ttf */ = {isa = PBXFileReference; lastKnownFileType = file; path = "Raleway-Italic.ttf"; sourceTree = "<group>"; };
		64B1D98F2022B8910034FE21 /* Raleway-LightItalic.ttf */ = {isa = PBXFileReference; lastKnownFileType = file; path = "Raleway-LightItalic.ttf"; sourceTree = "<group>"; };
		64B1D9902022B8920034FE21 /* Raleway-MediumItalic.ttf */ = {isa = PBXFileReference; lastKnownFileType = file; path = "Raleway-MediumItalic.ttf"; sourceTree = "<group>"; };
		64B1D9912022B8920034FE21 /* Raleway-BlackItalic.ttf */ = {isa = PBXFileReference; lastKnownFileType = file; path = "Raleway-BlackItalic.ttf"; sourceTree = "<group>"; };
		64B1D9922022B8920034FE21 /* Raleway-ExtraLightItalic.ttf */ = {isa = PBXFileReference; lastKnownFileType = file; path = "Raleway-ExtraLightItalic.ttf"; sourceTree = "<group>"; };
		64B1D9932022B8930034FE21 /* Raleway-SemiBoldItalic.ttf */ = {isa = PBXFileReference; lastKnownFileType = file; path = "Raleway-SemiBoldItalic.ttf"; sourceTree = "<group>"; };
		64B1D9A62022C8820034FE21 /* StoreKit.framework */ = {isa = PBXFileReference; lastKnownFileType = wrapper.framework; name = StoreKit.framework; path = System/Library/Frameworks/StoreKit.framework; sourceTree = SDKROOT; };
		64B1D9A82022CD580034FE21 /* inAppPurchaseProductIDs.plist */ = {isa = PBXFileReference; lastKnownFileType = text.plist.xml; path = inAppPurchaseProductIDs.plist; sourceTree = "<group>"; };
		64B1D9AA2022D1C50034FE21 /* SelectImageViewController.swift */ = {isa = PBXFileReference; lastKnownFileType = sourcecode.swift; name = SelectImageViewController.swift; path = "Multiple Event Countdown/View Controllers/SelectImageViewController.swift"; sourceTree = SOURCE_ROOT; };
		64B1D9AC2022E3160034FE21 /* SelectImageCollectionViewCell.swift */ = {isa = PBXFileReference; lastKnownFileType = sourcecode.swift; path = SelectImageCollectionViewCell.swift; sourceTree = "<group>"; };
		64BFC8A92008644D002DA9EF /* StringExtensions.swift */ = {isa = PBXFileReference; fileEncoding = 4; lastKnownFileType = sourcecode.swift; name = StringExtensions.swift; path = "Multiple Event Countdown/Extensions/StringExtensions.swift"; sourceTree = SOURCE_ROOT; };
		64D5FF8E1FC6C31E0043E064 /* CloudKit.framework */ = {isa = PBXFileReference; lastKnownFileType = wrapper.framework; name = CloudKit.framework; path = System/Library/Frameworks/CloudKit.framework; sourceTree = SDKROOT; };
		64DC6E3A1FFC6BCC00FF8385 /* NewEventViewController.swift */ = {isa = PBXFileReference; lastKnownFileType = sourcecode.swift; path = NewEventViewController.swift; sourceTree = "<group>"; };
		64E057292032AC6400ABCF3B /* BoolExtensions.swift */ = {isa = PBXFileReference; lastKnownFileType = sourcecode.swift; name = BoolExtensions.swift; path = Extensions/BoolExtensions.swift; sourceTree = SOURCE_ROOT; };
		64F7809C20C4FB3D008B1A2F /* ManagedCatalogImagesDelegate.swift */ = {isa = PBXFileReference; lastKnownFileType = sourcecode.swift; path = ManagedCatalogImagesDelegate.swift; sourceTree = "<group>"; };
		64FE12751FBC21FB0025C005 /* DS-DIGIB.TTF */ = {isa = PBXFileReference; lastKnownFileType = file; path = "DS-DIGIB.TTF"; sourceTree = "<group>"; };
		64FE4BD21FA649E2009CF0E9 /* Multiple Event Countdown.entitlements */ = {isa = PBXFileReference; lastKnownFileType = text.plist.entitlements; path = "Multiple Event Countdown.entitlements"; sourceTree = "<group>"; };
		9B903F1D196FF2B2980E137F /* Pods-Multiple Event Countdown.debug.xcconfig */ = {isa = PBXFileReference; includeInIndex = 1; lastKnownFileType = text.xcconfig; name = "Pods-Multiple Event Countdown.debug.xcconfig"; path = "Pods/Target Support Files/Pods-Multiple Event Countdown/Pods-Multiple Event Countdown.debug.xcconfig"; sourceTree = "<group>"; };
		BCE784872C9ABEA8E1BA2C39 /* Pods_Multiple_Event_Countdown.framework */ = {isa = PBXFileReference; explicitFileType = wrapper.framework; includeInIndex = 0; path = Pods_Multiple_Event_Countdown.framework; sourceTree = BUILT_PRODUCTS_DIR; };
		CDEC1EEE30EC2817AB9ACDAA /* Pods-Multiple Event Countdown.release.xcconfig */ = {isa = PBXFileReference; includeInIndex = 1; lastKnownFileType = text.xcconfig; name = "Pods-Multiple Event Countdown.release.xcconfig"; path = "Pods/Target Support Files/Pods-Multiple Event Countdown/Pods-Multiple Event Countdown.release.xcconfig"; sourceTree = "<group>"; };
/* End PBXFileReference section */

/* Begin PBXFrameworksBuildPhase section */
		6444D8D41F9CFDFE005C0F9C /* Frameworks */ = {
			isa = PBXFrameworksBuildPhase;
			buildActionMask = 2147483647;
			files = (
				64B1D9A72022C8820034FE21 /* StoreKit.framework in Frameworks */,
				B65F908917762A0A66BE04AC /* Pods_Multiple_Event_Countdown.framework in Frameworks */,
				64D5FF8F1FC6C31E0043E064 /* CloudKit.framework in Frameworks */,
			);
			runOnlyForDeploymentPostprocessing = 0;
		};
/* End PBXFrameworksBuildPhase section */

/* Begin PBXGroup section */
		641A38201F9E1D7D00B238A0 /* Cells */ = {
			isa = PBXGroup;
			children = (
				64520C0820C1305D00169A17 /* LoadingCollectionViewCell.swift */,
				64B1D9AC2022E3160034FE21 /* SelectImageCollectionViewCell.swift */,
				64768B1B1F9E4395005CA6CA /* EventTableViewCell.swift */,
			);
			name = Cells;
			path = "New Group";
			sourceTree = "<group>";
		};
		6444D8CE1F9CFDFE005C0F9C = {
			isa = PBXGroup;
			children = (
				64691C20201FE17E00ADA4C3 /* Resources */,
				64BFC8A820086441002DA9EF /* Extensions */,
				6444D8F31F9D03F6005C0F9C /* Models */,
				64537F622046643100FDAC5A /* Protocols */,
				6477FB102016F89000EDFF50 /* Custom Classes */,
				6444D8D91F9CFDFE005C0F9C /* Multiple Event Countdown */,
				6444D8D81F9CFDFE005C0F9C /* Products */,
				C0A394DBF7E81E121B026FE7 /* Pods */,
				DD3060DC2AD974C5A5F703F5 /* Frameworks */,
			);
			sourceTree = "<group>";
		};
		6444D8D81F9CFDFE005C0F9C /* Products */ = {
			isa = PBXGroup;
			children = (
				6444D8D71F9CFDFE005C0F9C /* Multiple Event Countdown.app */,
			);
			name = Products;
			sourceTree = "<group>";
		};
		6444D8D91F9CFDFE005C0F9C /* Multiple Event Countdown */ = {
			isa = PBXGroup;
			children = (
				6444D8DA1F9CFDFE005C0F9C /* AppDelegate.swift */,
				64FE4BD21FA649E2009CF0E9 /* Multiple Event Countdown.entitlements */,
				6444D8EE1F9D02F7005C0F9C /* GUI */,
				6444D8EF1F9D0303005C0F9C /* View Controllers */,
				64D5FF751FC41DB60043E064 /* Views */,
				6444D8E31F9CFDFF005C0F9C /* Assets.xcassets */,
				645A8AA02029726700E5934D /* FileAssets */,
				6444D8F01F9D031A005C0F9C /* Plists */,
			);
			path = "Multiple Event Countdown";
			sourceTree = "<group>";
		};
		6444D8EE1F9D02F7005C0F9C /* GUI */ = {
			isa = PBXGroup;
			children = (
				6444D8E01F9CFDFF005C0F9C /* Main.storyboard */,
				6444D8E51F9CFDFF005C0F9C /* LaunchScreen.storyboard */,
				64691C1B201EBA7300ADA4C3 /* SpecialEventCell.xib */,
				64074C402018473000BD6C39 /* TextInputAccessoryView.xib */,
			);
			path = GUI;
			sourceTree = "<group>";
		};
		6444D8EF1F9D0303005C0F9C /* View Controllers */ = {
			isa = PBXGroup;
			children = (
				6444D8DC1F9CFDFE005C0F9C /* MasterViewController.swift */,
				6444D8DE1F9CFDFE005C0F9C /* DetailViewController.swift */,
				64DC6E3A1FFC6BCC00FF8385 /* NewEventViewController.swift */,
				64B1D9AA2022D1C50034FE21 /* SelectImageViewController.swift */,
				644BBAAD2047C0AF00CF0C29 /* ImagePreviewViewController.swift */,
			);
			path = "View Controllers";
			sourceTree = "<group>";
		};
		6444D8F01F9D031A005C0F9C /* Plists */ = {
			isa = PBXGroup;
			children = (
				6444D8E81F9CFDFF005C0F9C /* Info.plist */,
				64B1D9A82022CD580034FE21 /* inAppPurchaseProductIDs.plist */,
			);
			path = Plists;
			sourceTree = "<group>";
		};
		6444D8F31F9D03F6005C0F9C /* Models */ = {
			isa = PBXGroup;
			children = (
				6444D8F11F9D03F1005C0F9C /* RealmDataModel.swift */,
				645A8A9E20294FD200E5934D /* ImageClasses.swift */,
			);
			name = Models;
			sourceTree = "<group>";
		};
		64537F622046643100FDAC5A /* Protocols */ = {
			isa = PBXGroup;
			children = (
				64F7809C20C4FB3D008B1A2F /* ManagedCatalogImagesDelegate.swift */,
				64537F60204663B500FDAC5A /* CountdownImageDelegate.swift */,
			);
			name = Protocols;
			path = "New Group";
			sourceTree = "<group>";
		};
		645A8AA02029726700E5934D /* FileAssets */ = {
			isa = PBXGroup;
			children = (
				646C5D6C2033DDD4008B4BE1 /* DesertDunes.jpg */,
				646C5D6D2033DDD5008B4BE1 /* DesertDunesMask.png */,
				646C5D622033DD12008B4BE1 /* DesertDunesThumbnail@1x.jpg */,
				646C5D602033DD12008B4BE1 /* DesertDunesThumbnail@2x.jpg */,
				646C5D642033DD13008B4BE1 /* DesertDunesThumbnail@3x.jpg */,
			);
			path = FileAssets;
			sourceTree = "<group>";
		};
		64691C20201FE17E00ADA4C3 /* Resources */ = {
			isa = PBXGroup;
			children = (
				64A249441FB9863000E15B7A /* Images */,
				64FE12741FBC21F70025C005 /* Fonts */,
			);
			path = Resources;
			sourceTree = "<group>";
		};
		6477FB102016F89000EDFF50 /* Custom Classes */ = {
			isa = PBXGroup;
			children = (
				64004AEC20D0F1F5002BF8A7 /* CellExpandSegue.swift */,
				646F699620A1C6C900E9518C /* CircularDisplayView.swift */,
				64691C1D201EC2FD00ADA4C3 /* WaveEffectView.swift */,
			);
			path = "Custom Classes";
			sourceTree = "<group>";
		};
		64A249441FB9863000E15B7A /* Images */ = {
			isa = PBXGroup;
			children = (
				6444D8F41F9D0509005C0F9C /* Default-568h@2x.png */,
			);
			path = Images;
			sourceTree = "<group>";
		};
		64BFC8A820086441002DA9EF /* Extensions */ = {
			isa = PBXGroup;
			children = (
				64004AEE20D0F33E002BF8A7 /* UIImageExtensions.swift */,
				640F9C902043AA7A005CD69E /* CKAssetExtensions.swift */,
				64E057292032AC6400ABCF3B /* BoolExtensions.swift */,
				64BFC8A92008644D002DA9EF /* StringExtensions.swift */,
				6477FB0E201311CE00EDFF50 /* CGSizeExtensions.swift */,
			);
			path = Extensions;
			sourceTree = "<group>";
		};
		64D5FF751FC41DB60043E064 /* Views */ = {
			isa = PBXGroup;
			children = (
				644BBAB5204BC67B00CF0C29 /* CountdownMaskImageView.swift */,
				644BBAAF2049226300CF0C29 /* CountdownMainImageView.swift */,
				644BBAB12049318400CF0C29 /* GradientMaskView.swift */,
				64074C3E2018470600BD6C39 /* TextInputAccessoryView.swift */,
				641A38201F9E1D7D00B238A0 /* Cells */,
			);
			name = Views;
			path = "New Group1";
			sourceTree = "<group>";
		};
		64FE12741FBC21F70025C005 /* Fonts */ = {
			isa = PBXGroup;
			children = (
				6489FBAE20EE20B600F32B5A /* FiraSans-Black.ttf */,
				6489FBB220EE20C700F32B5A /* FiraSans-BlackItalic.ttf */,
				6489FBB020EE20BF00F32B5A /* FiraSans-Bold.ttf */,
				6489FBAA20EE209D00F32B5A /* FiraSans-BoldItalic.ttf */,
				6489FBB120EE20C400F32B5A /* FiraSans-ExtraBold.ttf */,
				6489FBAB20EE20A200F32B5A /* FiraSans-ExtraBoldItalic.ttf */,
				6489FBBA20EE20F500F32B5A /* FiraSans-ExtraLight.ttf */,
				6489FBAC20EE20AB00F32B5A /* FiraSans-ExtraLightItalic.ttf */,
				6489FBB520EE20D700F32B5A /* FiraSans-Italic.ttf */,
				6489FBAD20EE20B100F32B5A /* FiraSans-Light.ttf */,
				6489FBB620EE20DA00F32B5A /* FiraSans-LightItalic.ttf */,
				6489FBAF20EE20BA00F32B5A /* FiraSans-Medium.ttf */,
				6489FBB320EE20CC00F32B5A /* FiraSans-MediumItalic.ttf */,
				6489FBA920EE209700F32B5A /* FiraSans-Regular.ttf */,
				6489FBB920EE20EE00F32B5A /* FiraSans-SemiBold.ttf */,
				6489FBB420EE20D200F32B5A /* FiraSans-SemiBoldItalic.ttf */,
				6489FBB720EE20E100F32B5A /* FiraSans-Thin.ttf */,
				6489FBB820EE20EA00F32B5A /* FiraSans-ThinItalic.ttf */,
				64A4855220AABD0300CE4418 /* Comfortaa-Bold.ttf */,
				64A4855020AABD0200CE4418 /* Comfortaa-Light.ttf */,
				64A4855120AABD0200CE4418 /* Comfortaa-Regular.ttf */,
				64FE12751FBC21FB0025C005 /* DS-DIGIB.TTF */,
				64B1D9862022B88F0034FE21 /* Raleway-Black.ttf */,
				64B1D9912022B8920034FE21 /* Raleway-BlackItalic.ttf */,
				64B1D9842022B88E0034FE21 /* Raleway-Bold.ttf */,
				64B1D9822022B88E0034FE21 /* Raleway-BoldItalic.ttf */,
				64B1D9832022B88E0034FE21 /* Raleway-ExtraBold.ttf */,
				64B1D9852022B88F0034FE21 /* Raleway-ExtraBoldItalic.ttf */,
				64B1D9872022B88F0034FE21 /* Raleway-ExtraLight.ttf */,
				64B1D9922022B8920034FE21 /* Raleway-ExtraLightItalic.ttf */,
				64B1D98E2022B8910034FE21 /* Raleway-Italic.ttf */,
				64B1D9882022B88F0034FE21 /* Raleway-Light.ttf */,
				64B1D98F2022B8910034FE21 /* Raleway-LightItalic.ttf */,
				64B1D9892022B8900034FE21 /* Raleway-Medium.ttf */,
				64B1D9902022B8920034FE21 /* Raleway-MediumItalic.ttf */,
				64B1D98A2022B8900034FE21 /* Raleway-Regular.ttf */,
				64B1D98B2022B8900034FE21 /* Raleway-SemiBold.ttf */,
				64B1D9932022B8930034FE21 /* Raleway-SemiBoldItalic.ttf */,
				64B1D98C2022B8900034FE21 /* Raleway-Thin.ttf */,
				64B1D98D2022B8910034FE21 /* Raleway-ThinItalic.ttf */,
			);
			name = Fonts;
			path = ..;
			sourceTree = "<group>";
		};
		C0A394DBF7E81E121B026FE7 /* Pods */ = {
			isa = PBXGroup;
			children = (
				9B903F1D196FF2B2980E137F /* Pods-Multiple Event Countdown.debug.xcconfig */,
				CDEC1EEE30EC2817AB9ACDAA /* Pods-Multiple Event Countdown.release.xcconfig */,
			);
			name = Pods;
			sourceTree = "<group>";
		};
		DD3060DC2AD974C5A5F703F5 /* Frameworks */ = {
			isa = PBXGroup;
			children = (
				64B1D9A62022C8820034FE21 /* StoreKit.framework */,
				64D5FF8E1FC6C31E0043E064 /* CloudKit.framework */,
				BCE784872C9ABEA8E1BA2C39 /* Pods_Multiple_Event_Countdown.framework */,
			);
			name = Frameworks;
			sourceTree = "<group>";
		};
/* End PBXGroup section */

/* Begin PBXNativeTarget section */
		6444D8D61F9CFDFE005C0F9C /* Multiple Event Countdown */ = {
			isa = PBXNativeTarget;
			buildConfigurationList = 6444D8EB1F9CFDFF005C0F9C /* Build configuration list for PBXNativeTarget "Multiple Event Countdown" */;
			buildPhases = (
				FCD529B011E59BF60686D2FC /* [CP] Check Pods Manifest.lock */,
				6444D8D31F9CFDFE005C0F9C /* Sources */,
				6444D8D41F9CFDFE005C0F9C /* Frameworks */,
				6444D8D51F9CFDFE005C0F9C /* Resources */,
				FD8F03B817B9977787C76D58 /* [CP] Embed Pods Frameworks */,
				CF0F5CE180E0A5E7070CD99F /* [CP] Copy Pods Resources */,
			);
			buildRules = (
			);
			dependencies = (
			);
			name = "Multiple Event Countdown";
			productName = "Multiple Event Countdown";
			productReference = 6444D8D71F9CFDFE005C0F9C /* Multiple Event Countdown.app */;
			productType = "com.apple.product-type.application";
		};
/* End PBXNativeTarget section */

/* Begin PBXProject section */
		6444D8CF1F9CFDFE005C0F9C /* Project object */ = {
			isa = PBXProject;
			attributes = {
				LastSwiftUpdateCheck = 0900;
				LastUpgradeCheck = 0930;
				ORGANIZATIONNAME = "Ed Manning";
				TargetAttributes = {
					6444D8D61F9CFDFE005C0F9C = {
						CreatedOnToolsVersion = 9.0.1;
						ProvisioningStyle = Automatic;
						SystemCapabilities = {
							com.apple.ApplicationGroups.iOS = {
								enabled = 1;
							};
							com.apple.InAppPurchase = {
								enabled = 1;
							};
							com.apple.Push = {
								enabled = 1;
							};
							com.apple.iCloud = {
								enabled = 1;
							};
						};
					};
				};
			};
			buildConfigurationList = 6444D8D21F9CFDFE005C0F9C /* Build configuration list for PBXProject "Multiple Event Countdown" */;
			compatibilityVersion = "Xcode 8.0";
			developmentRegion = en;
			hasScannedForEncodings = 0;
			knownRegions = (
				en,
				Base,
			);
			mainGroup = 6444D8CE1F9CFDFE005C0F9C;
			productRefGroup = 6444D8D81F9CFDFE005C0F9C /* Products */;
			projectDirPath = "";
			projectRoot = "";
			targets = (
				6444D8D61F9CFDFE005C0F9C /* Multiple Event Countdown */,
			);
		};
/* End PBXProject section */

/* Begin PBXResourcesBuildPhase section */
		6444D8D51F9CFDFE005C0F9C /* Resources */ = {
			isa = PBXResourcesBuildPhase;
			buildActionMask = 2147483647;
			files = (
				6489FBC620EE20F800F32B5A /* FiraSans-SemiBoldItalic.ttf in Resources */,
				6489FBCC20EE20F800F32B5A /* FiraSans-ExtraLight.ttf in Resources */,
				64B1D9A02022B8930034FE21 /* Raleway-Italic.ttf in Resources */,
				6489FBC820EE20F800F32B5A /* FiraSans-LightItalic.ttf in Resources */,
				6489FBC920EE20F800F32B5A /* FiraSans-Thin.ttf in Resources */,
				6489FBCA20EE20F800F32B5A /* FiraSans-ThinItalic.ttf in Resources */,
				6489FBBF20EE20F800F32B5A /* FiraSans-Light.ttf in Resources */,
				64B1D9992022B8930034FE21 /* Raleway-ExtraLight.ttf in Resources */,
				6489FBBC20EE20F800F32B5A /* FiraSans-BoldItalic.ttf in Resources */,
				64A4855420AABD0400CE4418 /* Comfortaa-Regular.ttf in Resources */,
				6489FBBE20EE20F800F32B5A /* FiraSans-ExtraLightItalic.ttf in Resources */,
				64074C412018473000BD6C39 /* TextInputAccessoryView.xib in Resources */,
				64B1D99F2022B8930034FE21 /* Raleway-ThinItalic.ttf in Resources */,
				6444D8E71F9CFDFF005C0F9C /* LaunchScreen.storyboard in Resources */,
				6489FBC320EE20F800F32B5A /* FiraSans-ExtraBold.ttf in Resources */,
				64B1D9942022B8930034FE21 /* Raleway-BoldItalic.ttf in Resources */,
				64B1D99A2022B8930034FE21 /* Raleway-Light.ttf in Resources */,
				64B1D9952022B8930034FE21 /* Raleway-ExtraBold.ttf in Resources */,
				64B1D9962022B8930034FE21 /* Raleway-Bold.ttf in Resources */,
				64B1D9A42022B8930034FE21 /* Raleway-ExtraLightItalic.ttf in Resources */,
				646C5D692033DD13008B4BE1 /* DesertDunesThumbnail@1x.jpg in Resources */,
				6489FBCB20EE20F800F32B5A /* FiraSans-SemiBold.ttf in Resources */,
				64A4855520AABD0400CE4418 /* Comfortaa-Bold.ttf in Resources */,
				6489FBC420EE20F800F32B5A /* FiraSans-BlackItalic.ttf in Resources */,
				6489FBC720EE20F800F32B5A /* FiraSans-Italic.ttf in Resources */,
				64B1D9982022B8930034FE21 /* Raleway-Black.ttf in Resources */,
				64B1D99C2022B8930034FE21 /* Raleway-Regular.ttf in Resources */,
				6489FBC520EE20F800F32B5A /* FiraSans-MediumItalic.ttf in Resources */,
				64A4855320AABD0400CE4418 /* Comfortaa-Light.ttf in Resources */,
				64B1D9A32022B8930034FE21 /* Raleway-BlackItalic.ttf in Resources */,
				64B1D99B2022B8930034FE21 /* Raleway-Medium.ttf in Resources */,
				646C5D672033DD13008B4BE1 /* DesertDunesThumbnail@2x.jpg in Resources */,
				6489FBC120EE20F800F32B5A /* FiraSans-Medium.ttf in Resources */,
				646C5D6E2033DDD5008B4BE1 /* DesertDunes.jpg in Resources */,
				64B1D9A12022B8930034FE21 /* Raleway-LightItalic.ttf in Resources */,
				64B1D99E2022B8930034FE21 /* Raleway-Thin.ttf in Resources */,
				6444D8F51F9D0509005C0F9C /* Default-568h@2x.png in Resources */,
				64B1D9972022B8930034FE21 /* Raleway-ExtraBoldItalic.ttf in Resources */,
				6444D8E41F9CFDFF005C0F9C /* Assets.xcassets in Resources */,
				646C5D6F2033DDD5008B4BE1 /* DesertDunesMask.png in Resources */,
				64691C1C201EBA7300ADA4C3 /* SpecialEventCell.xib in Resources */,
				6489FBBD20EE20F800F32B5A /* FiraSans-ExtraBoldItalic.ttf in Resources */,
				64691C1F201FDF5700ADA4C3 /* DS-DIGIB.TTF in Resources */,
				64B1D9A52022B8930034FE21 /* Raleway-SemiBoldItalic.ttf in Resources */,
				646C5D6B2033DD13008B4BE1 /* DesertDunesThumbnail@3x.jpg in Resources */,
				6444D8E21F9CFDFF005C0F9C /* Main.storyboard in Resources */,
				64B1D9A92022CD580034FE21 /* inAppPurchaseProductIDs.plist in Resources */,
				6489FBC220EE20F800F32B5A /* FiraSans-Bold.ttf in Resources */,
				64B1D9A22022B8930034FE21 /* Raleway-MediumItalic.ttf in Resources */,
				6489FBC020EE20F800F32B5A /* FiraSans-Black.ttf in Resources */,
				6489FBBB20EE20F800F32B5A /* FiraSans-Regular.ttf in Resources */,
				64B1D99D2022B8930034FE21 /* Raleway-SemiBold.ttf in Resources */,
			);
			runOnlyForDeploymentPostprocessing = 0;
		};
/* End PBXResourcesBuildPhase section */

/* Begin PBXShellScriptBuildPhase section */
		CF0F5CE180E0A5E7070CD99F /* [CP] Copy Pods Resources */ = {
			isa = PBXShellScriptBuildPhase;
			buildActionMask = 2147483647;
			files = (
			);
			inputPaths = (
			);
			name = "[CP] Copy Pods Resources";
			outputPaths = (
			);
			runOnlyForDeploymentPostprocessing = 0;
			shellPath = /bin/sh;
			shellScript = "\"${SRCROOT}/Pods/Target Support Files/Pods-Multiple Event Countdown/Pods-Multiple Event Countdown-resources.sh\"\n";
			showEnvVarsInLog = 0;
		};
		FCD529B011E59BF60686D2FC /* [CP] Check Pods Manifest.lock */ = {
			isa = PBXShellScriptBuildPhase;
			buildActionMask = 2147483647;
			files = (
			);
			inputPaths = (
			);
			name = "[CP] Check Pods Manifest.lock";
			outputPaths = (
			);
			runOnlyForDeploymentPostprocessing = 0;
			shellPath = /bin/sh;
			shellScript = "diff \"${PODS_PODFILE_DIR_PATH}/Podfile.lock\" \"${PODS_ROOT}/Manifest.lock\" > /dev/null\nif [ $? != 0 ] ; then\n    # print error to STDERR\n    echo \"error: The sandbox is not in sync with the Podfile.lock. Run 'pod install' or update your CocoaPods installation.\" >&2\n    exit 1\nfi\n";
			showEnvVarsInLog = 0;
		};
		FD8F03B817B9977787C76D58 /* [CP] Embed Pods Frameworks */ = {
			isa = PBXShellScriptBuildPhase;
			buildActionMask = 2147483647;
			files = (
			);
			inputPaths = (
			);
			name = "[CP] Embed Pods Frameworks";
			outputPaths = (
			);
			runOnlyForDeploymentPostprocessing = 0;
			shellPath = /bin/sh;
			shellScript = "\"${SRCROOT}/Pods/Target Support Files/Pods-Multiple Event Countdown/Pods-Multiple Event Countdown-frameworks.sh\"\n";
			showEnvVarsInLog = 0;
		};
/* End PBXShellScriptBuildPhase section */

/* Begin PBXSourcesBuildPhase section */
		6444D8D31F9CFDFE005C0F9C /* Sources */ = {
			isa = PBXSourcesBuildPhase;
			buildActionMask = 2147483647;
			files = (
				64768B1C1F9E4395005CA6CA /* EventTableViewCell.swift in Sources */,
				640F9C912043AA7A005CD69E /* CKAssetExtensions.swift in Sources */,
				64B1D9AB2022D1C50034FE21 /* SelectImageViewController.swift in Sources */,
				6444D8F21F9D03F1005C0F9C /* RealmDataModel.swift in Sources */,
				646F699720A1C6CA00E9518C /* CircularDisplayView.swift in Sources */,
				64074C3F2018470600BD6C39 /* TextInputAccessoryView.swift in Sources */,
				6477FB0F201311CE00EDFF50 /* CGSizeExtensions.swift in Sources */,
				64E0572A2032AC6400ABCF3B /* BoolExtensions.swift in Sources */,
				644BBAB22049318400CF0C29 /* GradientMaskView.swift in Sources */,
				64691C1E201EC2FD00ADA4C3 /* WaveEffectView.swift in Sources */,
				64B1D9AD2022E3160034FE21 /* SelectImageCollectionViewCell.swift in Sources */,
				6444D8DF1F9CFDFE005C0F9C /* DetailViewController.swift in Sources */,
				64520C0920C1305D00169A17 /* LoadingCollectionViewCell.swift in Sources */,
				64537F61204663B500FDAC5A /* CountdownImageDelegate.swift in Sources */,
				644BBAAE2047C0AF00CF0C29 /* ImagePreviewViewController.swift in Sources */,
				644BBAB02049226300CF0C29 /* CountdownMainImageView.swift in Sources */,
				64DC6E3B1FFC6BCC00FF8385 /* NewEventViewController.swift in Sources */,
				64004AEF20D0F33E002BF8A7 /* UIImageExtensions.swift in Sources */,
				64004AED20D0F1F5002BF8A7 /* CellExpandSegue.swift in Sources */,
				645A8A9F20294FD200E5934D /* ImageClasses.swift in Sources */,
				64BFC8AA2008644D002DA9EF /* StringExtensions.swift in Sources */,
				64F7809D20C4FB3D008B1A2F /* ManagedCatalogImagesDelegate.swift in Sources */,
				6444D8DD1F9CFDFE005C0F9C /* MasterViewController.swift in Sources */,
				644BBAB6204BC67B00CF0C29 /* CountdownMaskImageView.swift in Sources */,
				6444D8DB1F9CFDFE005C0F9C /* AppDelegate.swift in Sources */,
			);
			runOnlyForDeploymentPostprocessing = 0;
		};
/* End PBXSourcesBuildPhase section */

/* Begin PBXVariantGroup section */
		6444D8E01F9CFDFF005C0F9C /* Main.storyboard */ = {
			isa = PBXVariantGroup;
			children = (
				6444D8E11F9CFDFF005C0F9C /* Base */,
			);
			name = Main.storyboard;
			sourceTree = "<group>";
		};
		6444D8E51F9CFDFF005C0F9C /* LaunchScreen.storyboard */ = {
			isa = PBXVariantGroup;
			children = (
				6444D8E61F9CFDFF005C0F9C /* Base */,
			);
			name = LaunchScreen.storyboard;
			sourceTree = "<group>";
		};
/* End PBXVariantGroup section */

/* Begin XCBuildConfiguration section */
		6444D8E91F9CFDFF005C0F9C /* Debug */ = {
			isa = XCBuildConfiguration;
			buildSettings = {
				ALWAYS_SEARCH_USER_PATHS = NO;
				CLANG_ANALYZER_NONNULL = YES;
				CLANG_ANALYZER_NUMBER_OBJECT_CONVERSION = YES_AGGRESSIVE;
				CLANG_CXX_LANGUAGE_STANDARD = "gnu++14";
				CLANG_CXX_LIBRARY = "libc++";
				CLANG_ENABLE_MODULES = YES;
				CLANG_ENABLE_OBJC_ARC = YES;
				CLANG_WARN_BLOCK_CAPTURE_AUTORELEASING = YES;
				CLANG_WARN_BOOL_CONVERSION = YES;
				CLANG_WARN_COMMA = YES;
				CLANG_WARN_CONSTANT_CONVERSION = YES;
				CLANG_WARN_DEPRECATED_OBJC_IMPLEMENTATIONS = YES;
				CLANG_WARN_DIRECT_OBJC_ISA_USAGE = YES_ERROR;
				CLANG_WARN_DOCUMENTATION_COMMENTS = YES;
				CLANG_WARN_EMPTY_BODY = YES;
				CLANG_WARN_ENUM_CONVERSION = YES;
				CLANG_WARN_INFINITE_RECURSION = YES;
				CLANG_WARN_INT_CONVERSION = YES;
				CLANG_WARN_NON_LITERAL_NULL_CONVERSION = YES;
				CLANG_WARN_OBJC_IMPLICIT_RETAIN_SELF = YES;
				CLANG_WARN_OBJC_LITERAL_CONVERSION = YES;
				CLANG_WARN_OBJC_ROOT_CLASS = YES_ERROR;
				CLANG_WARN_RANGE_LOOP_ANALYSIS = YES;
				CLANG_WARN_STRICT_PROTOTYPES = YES;
				CLANG_WARN_SUSPICIOUS_MOVE = YES;
				CLANG_WARN_UNGUARDED_AVAILABILITY = YES_AGGRESSIVE;
				CLANG_WARN_UNREACHABLE_CODE = YES;
				CLANG_WARN__DUPLICATE_METHOD_MATCH = YES;
				CODE_SIGN_IDENTITY = "iPhone Developer";
				COPY_PHASE_STRIP = NO;
				DEBUG_INFORMATION_FORMAT = dwarf;
				ENABLE_STRICT_OBJC_MSGSEND = YES;
				ENABLE_TESTABILITY = YES;
				GCC_C_LANGUAGE_STANDARD = gnu11;
				GCC_DYNAMIC_NO_PIC = NO;
				GCC_NO_COMMON_BLOCKS = YES;
				GCC_OPTIMIZATION_LEVEL = 0;
				GCC_PREPROCESSOR_DEFINITIONS = (
					"DEBUG=1",
					"$(inherited)",
				);
				GCC_WARN_64_TO_32_BIT_CONVERSION = YES;
				GCC_WARN_ABOUT_RETURN_TYPE = YES_ERROR;
				GCC_WARN_UNDECLARED_SELECTOR = YES;
				GCC_WARN_UNINITIALIZED_AUTOS = YES_AGGRESSIVE;
				GCC_WARN_UNUSED_FUNCTION = YES;
				GCC_WARN_UNUSED_VARIABLE = YES;
				IPHONEOS_DEPLOYMENT_TARGET = 11.0;
				MTL_ENABLE_DEBUG_INFO = YES;
				ONLY_ACTIVE_ARCH = YES;
				SDKROOT = iphoneos;
				SWIFT_ACTIVE_COMPILATION_CONDITIONS = DEBUG;
				SWIFT_OPTIMIZATION_LEVEL = "-Onone";
			};
			name = Debug;
		};
		6444D8EA1F9CFDFF005C0F9C /* Release */ = {
			isa = XCBuildConfiguration;
			buildSettings = {
				ALWAYS_SEARCH_USER_PATHS = NO;
				CLANG_ANALYZER_NONNULL = YES;
				CLANG_ANALYZER_NUMBER_OBJECT_CONVERSION = YES_AGGRESSIVE;
				CLANG_CXX_LANGUAGE_STANDARD = "gnu++14";
				CLANG_CXX_LIBRARY = "libc++";
				CLANG_ENABLE_MODULES = YES;
				CLANG_ENABLE_OBJC_ARC = YES;
				CLANG_WARN_BLOCK_CAPTURE_AUTORELEASING = YES;
				CLANG_WARN_BOOL_CONVERSION = YES;
				CLANG_WARN_COMMA = YES;
				CLANG_WARN_CONSTANT_CONVERSION = YES;
				CLANG_WARN_DEPRECATED_OBJC_IMPLEMENTATIONS = YES;
				CLANG_WARN_DIRECT_OBJC_ISA_USAGE = YES_ERROR;
				CLANG_WARN_DOCUMENTATION_COMMENTS = YES;
				CLANG_WARN_EMPTY_BODY = YES;
				CLANG_WARN_ENUM_CONVERSION = YES;
				CLANG_WARN_INFINITE_RECURSION = YES;
				CLANG_WARN_INT_CONVERSION = YES;
				CLANG_WARN_NON_LITERAL_NULL_CONVERSION = YES;
				CLANG_WARN_OBJC_IMPLICIT_RETAIN_SELF = YES;
				CLANG_WARN_OBJC_LITERAL_CONVERSION = YES;
				CLANG_WARN_OBJC_ROOT_CLASS = YES_ERROR;
				CLANG_WARN_RANGE_LOOP_ANALYSIS = YES;
				CLANG_WARN_STRICT_PROTOTYPES = YES;
				CLANG_WARN_SUSPICIOUS_MOVE = YES;
				CLANG_WARN_UNGUARDED_AVAILABILITY = YES_AGGRESSIVE;
				CLANG_WARN_UNREACHABLE_CODE = YES;
				CLANG_WARN__DUPLICATE_METHOD_MATCH = YES;
				CODE_SIGN_IDENTITY = "iPhone Developer";
				COPY_PHASE_STRIP = NO;
				DEBUG_INFORMATION_FORMAT = "dwarf-with-dsym";
				ENABLE_NS_ASSERTIONS = NO;
				ENABLE_STRICT_OBJC_MSGSEND = YES;
				GCC_C_LANGUAGE_STANDARD = gnu11;
				GCC_NO_COMMON_BLOCKS = YES;
				GCC_WARN_64_TO_32_BIT_CONVERSION = YES;
				GCC_WARN_ABOUT_RETURN_TYPE = YES_ERROR;
				GCC_WARN_UNDECLARED_SELECTOR = YES;
				GCC_WARN_UNINITIALIZED_AUTOS = YES_AGGRESSIVE;
				GCC_WARN_UNUSED_FUNCTION = YES;
				GCC_WARN_UNUSED_VARIABLE = YES;
				IPHONEOS_DEPLOYMENT_TARGET = 11.0;
				MTL_ENABLE_DEBUG_INFO = NO;
				SDKROOT = iphoneos;
				SWIFT_OPTIMIZATION_LEVEL = "-Owholemodule";
				VALIDATE_PRODUCT = YES;
			};
			name = Release;
		};
		6444D8EC1F9CFDFF005C0F9C /* Debug */ = {
			isa = XCBuildConfiguration;
			baseConfigurationReference = 9B903F1D196FF2B2980E137F /* Pods-Multiple Event Countdown.debug.xcconfig */;
			buildSettings = {
				ASSETCATALOG_COMPILER_APPICON_NAME = AppIcon;
				CODE_SIGN_ENTITLEMENTS = "Multiple Event Countdown/Multiple Event Countdown.entitlements";
				CODE_SIGN_STYLE = Automatic;
				DEVELOPMENT_TEAM = 2F2W64K6HE;
				INFOPLIST_FILE = "$(SRCROOT)/Multiple Event Countdown/Plists/Info.plist";
				LD_RUNPATH_SEARCH_PATHS = "$(inherited) @executable_path/Frameworks";
				PRODUCT_BUNDLE_IDENTIFIER = "Ed-Manning.Multiple-Event-Countdown";
				PRODUCT_NAME = "$(TARGET_NAME)";
				SWIFT_VERSION = 4.0;
				TARGETED_DEVICE_FAMILY = 1;
			};
			name = Debug;
		};
		6444D8ED1F9CFDFF005C0F9C /* Release */ = {
			isa = XCBuildConfiguration;
			baseConfigurationReference = CDEC1EEE30EC2817AB9ACDAA /* Pods-Multiple Event Countdown.release.xcconfig */;
			buildSettings = {
				ASSETCATALOG_COMPILER_APPICON_NAME = AppIcon;
				CODE_SIGN_ENTITLEMENTS = "Multiple Event Countdown/Multiple Event Countdown.entitlements";
				CODE_SIGN_STYLE = Automatic;
				DEVELOPMENT_TEAM = 2F2W64K6HE;
				INFOPLIST_FILE = "$(SRCROOT)/Multiple Event Countdown/Plists/Info.plist";
				LD_RUNPATH_SEARCH_PATHS = "$(inherited) @executable_path/Frameworks";
				PRODUCT_BUNDLE_IDENTIFIER = "Ed-Manning.Multiple-Event-Countdown";
				PRODUCT_NAME = "$(TARGET_NAME)";
				SWIFT_VERSION = 4.0;
				TARGETED_DEVICE_FAMILY = 1;
			};
			name = Release;
		};
/* End XCBuildConfiguration section */

/* Begin XCConfigurationList section */
		6444D8D21F9CFDFE005C0F9C /* Build configuration list for PBXProject "Multiple Event Countdown" */ = {
			isa = XCConfigurationList;
			buildConfigurations = (
				6444D8E91F9CFDFF005C0F9C /* Debug */,
				6444D8EA1F9CFDFF005C0F9C /* Release */,
			);
			defaultConfigurationIsVisible = 0;
			defaultConfigurationName = Release;
		};
		6444D8EB1F9CFDFF005C0F9C /* Build configuration list for PBXNativeTarget "Multiple Event Countdown" */ = {
			isa = XCConfigurationList;
			buildConfigurations = (
				6444D8EC1F9CFDFF005C0F9C /* Debug */,
				6444D8ED1F9CFDFF005C0F9C /* Release */,
			);
			defaultConfigurationIsVisible = 0;
			defaultConfigurationName = Release;
		};
/* End XCConfigurationList section */
	};
	rootObject = 6444D8CF1F9CFDFE005C0F9C /* Project object */;
}
